// !$*UTF8*$!
{
	archiveVersion = 1;
	classes = {
	};
	objectVersion = 46;
	objects = {

/* Begin PBXBuildFile section */
		F64903321C50D7590064E5D3 /* PageViewController.m in Sources */ = {isa = PBXBuildFile; fileRef = F64903311C50D7590064E5D3 /* PageViewController.m */; };
		F64903341C50D8CF0064E5D3 /* node.txt in Resources */ = {isa = PBXBuildFile; fileRef = F64903331C50D8CF0064E5D3 /* node.txt */; };
		F6521FE01C50ADB80024D534 /* AttributeTextVC.m in Sources */ = {isa = PBXBuildFile; fileRef = F6521FDF1C50ADB80024D534 /* AttributeTextVC.m */; };
		F6521FE31C50BA960024D534 /* UIView+point.m in Sources */ = {isa = PBXBuildFile; fileRef = F6521FE21C50BA960024D534 /* UIView+point.m */; };
		F662192A1C43BDAB00009FE9 /* main.m in Sources */ = {isa = PBXBuildFile; fileRef = F66219291C43BDAB00009FE9 /* main.m */; };
		F662192D1C43BDAC00009FE9 /* AppDelegate.m in Sources */ = {isa = PBXBuildFile; fileRef = F662192C1C43BDAC00009FE9 /* AppDelegate.m */; };
		F66219301C43BDAC00009FE9 /* ViewController.m in Sources */ = {isa = PBXBuildFile; fileRef = F662192F1C43BDAC00009FE9 /* ViewController.m */; };
		F66219331C43BDAC00009FE9 /* Main.storyboard in Resources */ = {isa = PBXBuildFile; fileRef = F66219311C43BDAC00009FE9 /* Main.storyboard */; };
		F66219441C43BF3500009FE9 /* NSArray+Beyond.m in Sources */ = {isa = PBXBuildFile; fileRef = F66219431C43BF3500009FE9 /* NSArray+Beyond.m */; };
		F66219471C43C0E300009FE9 /* NSObject+AutoEncode.m in Sources */ = {isa = PBXBuildFile; fileRef = F66219461C43C0E300009FE9 /* NSObject+AutoEncode.m */; };
		F662194B1C43C75F00009FE9 /* Person.m in Sources */ = {isa = PBXBuildFile; fileRef = F662194A1C43C75F00009FE9 /* Person.m */; };
		F662194E1C43D02100009FE9 /* icon.xcassets in Resources */ = {isa = PBXBuildFile; fileRef = F662194D1C43D02100009FE9 /* icon.xcassets */; };
		F66219511C43DF8A00009FE9 /* RootViewController.m in Sources */ = {isa = PBXBuildFile; fileRef = F66219501C43DF8A00009FE9 /* RootViewController.m */; };
		F66219581C43E1CD00009FE9 /* CellHeighTableViewController.m in Sources */ = {isa = PBXBuildFile; fileRef = F66219571C43E1CD00009FE9 /* CellHeighTableViewController.m */; };
		F66219881C43F6FD00009FE9 /* MKAnnotationView+WebCache.m in Sources */ = {isa = PBXBuildFile; fileRef = F66219681C43F6FD00009FE9 /* MKAnnotationView+WebCache.m */; };
		F66219891C43F6FD00009FE9 /* NSData+ImageContentType.m in Sources */ = {isa = PBXBuildFile; fileRef = F662196A1C43F6FD00009FE9 /* NSData+ImageContentType.m */; };
		F662198A1C43F6FD00009FE9 /* SDImageCache.m in Sources */ = {isa = PBXBuildFile; fileRef = F662196C1C43F6FD00009FE9 /* SDImageCache.m */; };
		F662198B1C43F6FD00009FE9 /* SDWebImageCompat.m in Sources */ = {isa = PBXBuildFile; fileRef = F662196E1C43F6FD00009FE9 /* SDWebImageCompat.m */; };
		F662198C1C43F6FD00009FE9 /* SDWebImageDecoder.m in Sources */ = {isa = PBXBuildFile; fileRef = F66219701C43F6FD00009FE9 /* SDWebImageDecoder.m */; };
		F662198D1C43F6FD00009FE9 /* SDWebImageDownloader.m in Sources */ = {isa = PBXBuildFile; fileRef = F66219721C43F6FD00009FE9 /* SDWebImageDownloader.m */; };
		F662198E1C43F6FD00009FE9 /* SDWebImageDownloaderOperation.m in Sources */ = {isa = PBXBuildFile; fileRef = F66219741C43F6FD00009FE9 /* SDWebImageDownloaderOperation.m */; };
		F662198F1C43F6FD00009FE9 /* SDWebImageManager.m in Sources */ = {isa = PBXBuildFile; fileRef = F66219761C43F6FD00009FE9 /* SDWebImageManager.m */; };
		F66219901C43F6FD00009FE9 /* SDWebImagePrefetcher.m in Sources */ = {isa = PBXBuildFile; fileRef = F66219791C43F6FD00009FE9 /* SDWebImagePrefetcher.m */; };
		F66219911C43F6FD00009FE9 /* UIButton+WebCache.m in Sources */ = {isa = PBXBuildFile; fileRef = F662197B1C43F6FD00009FE9 /* UIButton+WebCache.m */; };
		F66219921C43F6FD00009FE9 /* UIImage+GIF.m in Sources */ = {isa = PBXBuildFile; fileRef = F662197D1C43F6FD00009FE9 /* UIImage+GIF.m */; };
		F66219931C43F6FD00009FE9 /* UIImage+MultiFormat.m in Sources */ = {isa = PBXBuildFile; fileRef = F662197F1C43F6FD00009FE9 /* UIImage+MultiFormat.m */; };
		F66219941C43F6FD00009FE9 /* UIImage+WebP.m in Sources */ = {isa = PBXBuildFile; fileRef = F66219811C43F6FD00009FE9 /* UIImage+WebP.m */; };
		F66219951C43F6FD00009FE9 /* UIImageView+HighlightedWebCache.m in Sources */ = {isa = PBXBuildFile; fileRef = F66219831C43F6FD00009FE9 /* UIImageView+HighlightedWebCache.m */; };
		F66219961C43F6FD00009FE9 /* UIImageView+WebCache.m in Sources */ = {isa = PBXBuildFile; fileRef = F66219851C43F6FD00009FE9 /* UIImageView+WebCache.m */; };
		F66219971C43F6FD00009FE9 /* UIView+WebCacheOperation.m in Sources */ = {isa = PBXBuildFile; fileRef = F66219871C43F6FD00009FE9 /* UIView+WebCacheOperation.m */; };
		F662199B1C43F7BF00009FE9 /* MD5ViewController.m in Sources */ = {isa = PBXBuildFile; fileRef = F662199A1C43F7BF00009FE9 /* MD5ViewController.m */; };
		F662199E1C43F7E200009FE9 /* NSString+md5Sting.m in Sources */ = {isa = PBXBuildFile; fileRef = F662199D1C43F7E200009FE9 /* NSString+md5Sting.m */; };
		F66219A01C43F8EA00009FE9 /* MD5.jpg in Resources */ = {isa = PBXBuildFile; fileRef = F662199F1C43F8EA00009FE9 /* MD5.jpg */; };
		F66219A31C43FBC500009FE9 /* HeightModel.m in Sources */ = {isa = PBXBuildFile; fileRef = F66219A11C43FBC500009FE9 /* HeightModel.m */; };
		F66219A61C43FCCE00009FE9 /* Reachability.m in Sources */ = {isa = PBXBuildFile; fileRef = F66219A51C43FCCE00009FE9 /* Reachability.m */; };
		F66219B11C43FD0100009FE9 /* 01.jpg in Resources */ = {isa = PBXBuildFile; fileRef = F66219A71C43FD0100009FE9 /* 01.jpg */; };
		F66219B21C43FD0100009FE9 /* 02.jpg in Resources */ = {isa = PBXBuildFile; fileRef = F66219A81C43FD0100009FE9 /* 02.jpg */; };
		F66219B31C43FD0100009FE9 /* 03.jpg in Resources */ = {isa = PBXBuildFile; fileRef = F66219A91C43FD0100009FE9 /* 03.jpg */; };
		F66219B41C43FD0100009FE9 /* 04.jpg in Resources */ = {isa = PBXBuildFile; fileRef = F66219AA1C43FD0100009FE9 /* 04.jpg */; };
		F66219B51C43FD0100009FE9 /* 05.jpg in Resources */ = {isa = PBXBuildFile; fileRef = F66219AB1C43FD0100009FE9 /* 05.jpg */; };
		F66219B61C43FD0100009FE9 /* 06.jpg in Resources */ = {isa = PBXBuildFile; fileRef = F66219AC1C43FD0100009FE9 /* 06.jpg */; };
		F66219B71C43FD0100009FE9 /* 07.jpg in Resources */ = {isa = PBXBuildFile; fileRef = F66219AD1C43FD0100009FE9 /* 07.jpg */; };
		F66219B81C43FD0100009FE9 /* 08.jpg in Resources */ = {isa = PBXBuildFile; fileRef = F66219AE1C43FD0100009FE9 /* 08.jpg */; };
		F66219B91C43FD0100009FE9 /* 09.jpg in Resources */ = {isa = PBXBuildFile; fileRef = F66219AF1C43FD0100009FE9 /* 09.jpg */; };
		F66219C01C43FEEE00009FE9 /* UIView+Frame.m in Sources */ = {isa = PBXBuildFile; fileRef = F66219BF1C43FEEE00009FE9 /* UIView+Frame.m */; };
		F66219C31C43FF4800009FE9 /* NSDate+Extension.m in Sources */ = {isa = PBXBuildFile; fileRef = F66219C21C43FF4800009FE9 /* NSDate+Extension.m */; };
		F66219C61C43FF7D00009FE9 /* NSString +Extension.m in Sources */ = {isa = PBXBuildFile; fileRef = F66219C51C43FF7D00009FE9 /* NSString +Extension.m */; };
		F66219C91C43FFF400009FE9 /* UIBarButtonItem+Extension.m in Sources */ = {isa = PBXBuildFile; fileRef = F66219C81C43FFF400009FE9 /* UIBarButtonItem+Extension.m */; };
		F665B6D91C536A2B008E48DF /* MasonryViewController.m in Sources */ = {isa = PBXBuildFile; fileRef = F665B6D81C536A2B008E48DF /* MasonryViewController.m */; };
		F665B6F41C5372ED008E48DF /* MASCompositeConstraint.m in Sources */ = {isa = PBXBuildFile; fileRef = F665B6DC1C5372ED008E48DF /* MASCompositeConstraint.m */; };
		F665B6F51C5372ED008E48DF /* MASConstraint.m in Sources */ = {isa = PBXBuildFile; fileRef = F665B6DF1C5372ED008E48DF /* MASConstraint.m */; };
		F665B6F61C5372ED008E48DF /* MASConstraintMaker.m in Sources */ = {isa = PBXBuildFile; fileRef = F665B6E11C5372ED008E48DF /* MASConstraintMaker.m */; };
		F665B6F71C5372ED008E48DF /* MASLayoutConstraint.m in Sources */ = {isa = PBXBuildFile; fileRef = F665B6E31C5372ED008E48DF /* MASLayoutConstraint.m */; };
		F665B6F81C5372ED008E48DF /* MASViewAttribute.m in Sources */ = {isa = PBXBuildFile; fileRef = F665B6E71C5372ED008E48DF /* MASViewAttribute.m */; };
		F665B6F91C5372ED008E48DF /* MASViewConstraint.m in Sources */ = {isa = PBXBuildFile; fileRef = F665B6E91C5372ED008E48DF /* MASViewConstraint.m */; };
		F665B6FA1C5372ED008E48DF /* NSArray+MASAdditions.m in Sources */ = {isa = PBXBuildFile; fileRef = F665B6EB1C5372ED008E48DF /* NSArray+MASAdditions.m */; };
		F665B6FB1C5372ED008E48DF /* NSLayoutConstraint+MASDebugAdditions.m in Sources */ = {isa = PBXBuildFile; fileRef = F665B6EE1C5372ED008E48DF /* NSLayoutConstraint+MASDebugAdditions.m */; };
		F665B6FC1C5372ED008E48DF /* View+MASAdditions.m in Sources */ = {isa = PBXBuildFile; fileRef = F665B6F01C5372ED008E48DF /* View+MASAdditions.m */; };
		F665B6FD1C5372ED008E48DF /* ViewController+MASAdditions.m in Sources */ = {isa = PBXBuildFile; fileRef = F665B6F31C5372ED008E48DF /* ViewController+MASAdditions.m */; };
		F66AE21F1C54F52800A6E02D /* MsgViewController.m in Sources */ = {isa = PBXBuildFile; fileRef = F66AE21E1C54F52800A6E02D /* MsgViewController.m */; };
		F6796FEE1C4BE03A00E35E05 /* User.m in Sources */ = {isa = PBXBuildFile; fileRef = F6796FED1C4BE03A00E35E05 /* User.m */; };
		F67D110B1C56490300DC9C8A /* TabBarViewController.m in Sources */ = {isa = PBXBuildFile; fileRef = F67D110A1C56490300DC9C8A /* TabBarViewController.m */; };
		F67D110E1C5649D000DC9C8A /* UIView+Util.m in Sources */ = {isa = PBXBuildFile; fileRef = F67D110D1C5649D000DC9C8A /* UIView+Util.m */; };
		F67D11111C564A5300DC9C8A /* UIColor+Util.m in Sources */ = {isa = PBXBuildFile; fileRef = F67D11101C564A5300DC9C8A /* UIColor+Util.m */; };
		F67D11141C564EE100DC9C8A /* FirstVC.m in Sources */ = {isa = PBXBuildFile; fileRef = F67D11131C564EE100DC9C8A /* FirstVC.m */; };
		F67D11171C564EF800DC9C8A /* SecondVC.m in Sources */ = {isa = PBXBuildFile; fileRef = F67D11161C564EF800DC9C8A /* SecondVC.m */; };
		F67D111A1C564F0C00DC9C8A /* ThirdVC.m in Sources */ = {isa = PBXBuildFile; fileRef = F67D11191C564F0C00DC9C8A /* ThirdVC.m */; };
		F67D111D1C5665B900DC9C8A /* user-background-320-dark@2x.png in Resources */ = {isa = PBXBuildFile; fileRef = F67D111C1C5665B900DC9C8A /* user-background-320-dark@2x.png */; };
		F67D11231C5665D100DC9C8A /* user-background-320@2x.png in Resources */ = {isa = PBXBuildFile; fileRef = F67D111E1C5665D100DC9C8A /* user-background-320@2x.png */; };
		F67D11241C5665D100DC9C8A /* user-background-375-dark@2x.png in Resources */ = {isa = PBXBuildFile; fileRef = F67D111F1C5665D100DC9C8A /* user-background-375-dark@2x.png */; };
		F67D11251C5665D100DC9C8A /* user-background-375@2x.png in Resources */ = {isa = PBXBuildFile; fileRef = F67D11201C5665D100DC9C8A /* user-background-375@2x.png */; };
		F67D11261C5665D100DC9C8A /* user-background-dark@3x.png in Resources */ = {isa = PBXBuildFile; fileRef = F67D11211C5665D100DC9C8A /* user-background-dark@3x.png */; };
		F67D11271C5665D100DC9C8A /* user-background@3x.png in Resources */ = {isa = PBXBuildFile; fileRef = F67D11221C5665D100DC9C8A /* user-background@3x.png */; };
		F67D112E1C56662700DC9C8A /* tabbar-me@2x.png in Resources */ = {isa = PBXBuildFile; fileRef = F67D112C1C56662700DC9C8A /* tabbar-me@2x.png */; };
		F67D112F1C56662700DC9C8A /* tabbar-me@3x.png in Resources */ = {isa = PBXBuildFile; fileRef = F67D112D1C56662700DC9C8A /* tabbar-me@3x.png */; };
		F67D11321C56662D00DC9C8A /* tabbar-me-selected@2x.png in Resources */ = {isa = PBXBuildFile; fileRef = F67D11301C56662D00DC9C8A /* tabbar-me-selected@2x.png */; };
		F67D11331C56662D00DC9C8A /* tabbar-me-selected@3x.png in Resources */ = {isa = PBXBuildFile; fileRef = F67D11311C56662D00DC9C8A /* tabbar-me-selected@3x.png */; };
		F67D11361C56699100DC9C8A /* tabbar-more@2x.png in Resources */ = {isa = PBXBuildFile; fileRef = F67D11341C56699100DC9C8A /* tabbar-more@2x.png */; };
		F67D11371C56699100DC9C8A /* tabbar-more@3x.png in Resources */ = {isa = PBXBuildFile; fileRef = F67D11351C56699100DC9C8A /* tabbar-more@3x.png */; };
		F68180EF1C47403A005BAC1B /* CycleViewController.m in Sources */ = {isa = PBXBuildFile; fileRef = F68180EE1C47403A005BAC1B /* CycleViewController.m */; };
		F68180F21C474FBE005BAC1B /* placeHolder.png in Resources */ = {isa = PBXBuildFile; fileRef = F68180F11C474FBE005BAC1B /* placeHolder.png */; };
		F68180F71C475417005BAC1B /* CycleScrollView.m in Sources */ = {isa = PBXBuildFile; fileRef = F68180F41C475417005BAC1B /* CycleScrollView.m */; };
		F68180F81C475417005BAC1B /* NSTimer+Addition.m in Sources */ = {isa = PBXBuildFile; fileRef = F68180F61C475417005BAC1B /* NSTimer+Addition.m */; };
		F6B52DB11C4495B900C5AF0D /* HdMsgBox.m in Sources */ = {isa = PBXBuildFile; fileRef = F6B52DB01C4495B900C5AF0D /* HdMsgBox.m */; };
		F6B52DB41C4495C400C5AF0D /* MBProgressHUD.m in Sources */ = {isa = PBXBuildFile; fileRef = F6B52DB31C4495C400C5AF0D /* MBProgressHUD.m */; };
		F6B52DB81C44968400C5AF0D /* HudTableViewController.m in Sources */ = {isa = PBXBuildFile; fileRef = F6B52DB71C44968400C5AF0D /* HudTableViewController.m */; };
		F6B52DBC1C44AA4200C5AF0D /* TestViewController.m in Sources */ = {isa = PBXBuildFile; fileRef = F6B52DBB1C44AA4200C5AF0D /* TestViewController.m */; };
		F6BD4BE01C81C5D3004F151D /* ico_faq_d.png in Resources */ = {isa = PBXBuildFile; fileRef = F6BD4BD91C81C5D3004F151D /* ico_faq_d.png */; };
		F6BD4BE11C81C5D3004F151D /* ico_listdown.png in Resources */ = {isa = PBXBuildFile; fileRef = F6BD4BDA1C81C5D3004F151D /* ico_listdown.png */; };
		F6BD4BE21C81C5D3004F151D /* QQList.gif in Resources */ = {isa = PBXBuildFile; fileRef = F6BD4BDB1C81C5D3004F151D /* QQList.gif */; };
		F6BD4BE31C81C5D3004F151D /* header.png in Resources */ = {isa = PBXBuildFile; fileRef = F6BD4BDC1C81C5D3004F151D /* header.png */; };
		F6BD4BE41C81C5D3004F151D /* ico_listup.png in Resources */ = {isa = PBXBuildFile; fileRef = F6BD4BDD1C81C5D3004F151D /* ico_listup.png */; };
		F6BD4BE51C81C5D3004F151D /* line_real.png in Resources */ = {isa = PBXBuildFile; fileRef = F6BD4BDE1C81C5D3004F151D /* line_real.png */; };
		F6BD4BE61C81C5D3004F151D /* ico_list.png in Resources */ = {isa = PBXBuildFile; fileRef = F6BD4BDF1C81C5D3004F151D /* ico_list.png */; };
		F6BD4BEB1C81C691004F151D /* TableViewCellOne.m in Sources */ = {isa = PBXBuildFile; fileRef = F6BD4BE91C81C691004F151D /* TableViewCellOne.m */; };
		F6BD4BEC1C81C691004F151D /* TableViewCellOne.xib in Resources */ = {isa = PBXBuildFile; fileRef = F6BD4BEA1C81C691004F151D /* TableViewCellOne.xib */; };
		F6BD4BF21C81CE00004F151D /* FriendCell.m in Sources */ = {isa = PBXBuildFile; fileRef = F6BD4BEE1C81CE00004F151D /* FriendCell.m */; };
		F6BD4BF31C81CE00004F151D /* FriendCell.xib in Resources */ = {isa = PBXBuildFile; fileRef = F6BD4BEF1C81CE00004F151D /* FriendCell.xib */; };
		F6BD4BF41C81CE00004F151D /* GroupModel.m in Sources */ = {isa = PBXBuildFile; fileRef = F6BD4BF11C81CE00004F151D /* GroupModel.m */; };
		F6BD4BF91C81D3AC004F151D /* PullViewController.m in Sources */ = {isa = PBXBuildFile; fileRef = F6BD4BF81C81D3AC004F151D /* PullViewController.m */; };
		F6BD4BFE1C81D448004F151D /* ico_make.png in Resources */ = {isa = PBXBuildFile; fileRef = F6BD4BFB1C81D448004F151D /* ico_make.png */; };
		F6BD4C021C81D498004F151D /* JSDropDownMenu.m in Sources */ = {isa = PBXBuildFile; fileRef = F6BD4C011C81D498004F151D /* JSDropDownMenu.m */; };
		F6C9CE8C1C4A2E7A00108B13 /* FMDatabase.m in Sources */ = {isa = PBXBuildFile; fileRef = F6C9CE821C4A2E7A00108B13 /* FMDatabase.m */; };
		F6C9CE8D1C4A2E7A00108B13 /* FMDatabaseAdditions.m in Sources */ = {isa = PBXBuildFile; fileRef = F6C9CE841C4A2E7A00108B13 /* FMDatabaseAdditions.m */; };
		F6C9CE8E1C4A2E7A00108B13 /* FMDatabasePool.m in Sources */ = {isa = PBXBuildFile; fileRef = F6C9CE861C4A2E7A00108B13 /* FMDatabasePool.m */; };
		F6C9CE8F1C4A2E7A00108B13 /* FMDatabaseQueue.m in Sources */ = {isa = PBXBuildFile; fileRef = F6C9CE881C4A2E7A00108B13 /* FMDatabaseQueue.m */; };
		F6C9CE901C4A2E7A00108B13 /* FMResultSet.m in Sources */ = {isa = PBXBuildFile; fileRef = F6C9CE8B1C4A2E7A00108B13 /* FMResultSet.m */; };
		F6C9CE931C4A2ED500108B13 /* FmdbDemoViewController.m in Sources */ = {isa = PBXBuildFile; fileRef = F6C9CE921C4A2ED500108B13 /* FmdbDemoViewController.m */; };
		F6C9CE951C4A2F5500108B13 /* libsqlite3.tbd in Frameworks */ = {isa = PBXBuildFile; fileRef = F6C9CE941C4A2F5500108B13 /* libsqlite3.tbd */; };
		F6C9CE981C4A30E900108B13 /* AddTableViewController.m in Sources */ = {isa = PBXBuildFile; fileRef = F6C9CE971C4A30E900108B13 /* AddTableViewController.m */; };
		F6CD08421C579A01002559D8 /* default－portrait.png in Resources */ = {isa = PBXBuildFile; fileRef = F6CD083F1C579A01002559D8 /* default－portrait.png */; };
		F6CD08431C579A01002559D8 /* default－portrait@2x.png in Resources */ = {isa = PBXBuildFile; fileRef = F6CD08401C579A01002559D8 /* default－portrait@2x.png */; };
		F6CD08441C579A01002559D8 /* default－portrait@3x.png in Resources */ = {isa = PBXBuildFile; fileRef = F6CD08411C579A01002559D8 /* default－portrait@3x.png */; };
		F6D118951C4A361D0048D76F /* DataHelper.m in Sources */ = {isa = PBXBuildFile; fileRef = F6D118941C4A361D0048D76F /* DataHelper.m */; };
		F6F9AA871C8052D300BCBB58 /* 0.jpg in Resources */ = {isa = PBXBuildFile; fileRef = F6F9AA821C8052D300BCBB58 /* 0.jpg */; };
		F6F9AA881C8052D300BCBB58 /* 1.jpg in Resources */ = {isa = PBXBuildFile; fileRef = F6F9AA831C8052D300BCBB58 /* 1.jpg */; };
		F6F9AA891C8052D300BCBB58 /* 2.jpg in Resources */ = {isa = PBXBuildFile; fileRef = F6F9AA841C8052D300BCBB58 /* 2.jpg */; };
		F6F9AA8A1C8052D300BCBB58 /* 4.jpg in Resources */ = {isa = PBXBuildFile; fileRef = F6F9AA851C8052D300BCBB58 /* 4.jpg */; };
		F6F9AA8B1C8052D300BCBB58 /* 3.jpg in Resources */ = {isa = PBXBuildFile; fileRef = F6F9AA861C8052D300BCBB58 /* 3.jpg */; };
		F6F9AA921C8058E400BCBB58 /* GuidePageVIew.m in Sources */ = {isa = PBXBuildFile; fileRef = F6F9AA911C8058E400BCBB58 /* GuidePageVIew.m */; };
		F6F9AA961C80717B00BCBB58 /* MoreViewController.m in Sources */ = {isa = PBXBuildFile; fileRef = F6F9AA951C80717B00BCBB58 /* MoreViewController.m */; };
		F6F9AA9B1C8080F700BCBB58 /* OneTableViewController.m in Sources */ = {isa = PBXBuildFile; fileRef = F6F9AA9A1C8080F700BCBB58 /* OneTableViewController.m */; };
		F6F9AA9F1C80810A00BCBB58 /* TwoTableViewController.m in Sources */ = {isa = PBXBuildFile; fileRef = F6F9AA9E1C80810A00BCBB58 /* TwoTableViewController.m */; };
/* End PBXBuildFile section */

/* Begin PBXFileReference section */
		F64903301C50D7590064E5D3 /* PageViewController.h */ = {isa = PBXFileReference; fileEncoding = 4; lastKnownFileType = sourcecode.c.h; path = PageViewController.h; sourceTree = "<group>"; };
		F64903311C50D7590064E5D3 /* PageViewController.m */ = {isa = PBXFileReference; fileEncoding = 4; lastKnownFileType = sourcecode.c.objc; path = PageViewController.m; sourceTree = "<group>"; };
		F64903331C50D8CF0064E5D3 /* node.txt */ = {isa = PBXFileReference; fileEncoding = 4; lastKnownFileType = text; path = node.txt; sourceTree = "<group>"; };
		F6521FDE1C50ADB80024D534 /* AttributeTextVC.h */ = {isa = PBXFileReference; fileEncoding = 4; lastKnownFileType = sourcecode.c.h; path = AttributeTextVC.h; sourceTree = "<group>"; };
		F6521FDF1C50ADB80024D534 /* AttributeTextVC.m */ = {isa = PBXFileReference; fileEncoding = 4; lastKnownFileType = sourcecode.c.objc; path = AttributeTextVC.m; sourceTree = "<group>"; };
		F6521FE11C50BA960024D534 /* UIView+point.h */ = {isa = PBXFileReference; fileEncoding = 4; lastKnownFileType = sourcecode.c.h; path = "UIView+point.h"; sourceTree = "<group>"; };
		F6521FE21C50BA960024D534 /* UIView+point.m */ = {isa = PBXFileReference; fileEncoding = 4; lastKnownFileType = sourcecode.c.objc; path = "UIView+point.m"; sourceTree = "<group>"; };
		F66219251C43BDAB00009FE9 /* wey_tools.app */ = {isa = PBXFileReference; explicitFileType = wrapper.application; includeInIndex = 0; path = wey_tools.app; sourceTree = BUILT_PRODUCTS_DIR; };
		F66219291C43BDAB00009FE9 /* main.m */ = {isa = PBXFileReference; lastKnownFileType = sourcecode.c.objc; path = main.m; sourceTree = "<group>"; };
		F662192B1C43BDAB00009FE9 /* AppDelegate.h */ = {isa = PBXFileReference; lastKnownFileType = sourcecode.c.h; path = AppDelegate.h; sourceTree = "<group>"; };
		F662192C1C43BDAC00009FE9 /* AppDelegate.m */ = {isa = PBXFileReference; lastKnownFileType = sourcecode.c.objc; path = AppDelegate.m; sourceTree = "<group>"; };
		F662192E1C43BDAC00009FE9 /* ViewController.h */ = {isa = PBXFileReference; lastKnownFileType = sourcecode.c.h; path = ViewController.h; sourceTree = "<group>"; };
		F662192F1C43BDAC00009FE9 /* ViewController.m */ = {isa = PBXFileReference; lastKnownFileType = sourcecode.c.objc; path = ViewController.m; sourceTree = "<group>"; };
		F66219321C43BDAC00009FE9 /* Base */ = {isa = PBXFileReference; lastKnownFileType = file.storyboard; name = Base; path = Base.lproj/Main.storyboard; sourceTree = "<group>"; };
		F66219391C43BDAC00009FE9 /* Info.plist */ = {isa = PBXFileReference; lastKnownFileType = text.plist.xml; path = Info.plist; sourceTree = "<group>"; };
		F66219421C43BF3500009FE9 /* NSArray+Beyond.h */ = {isa = PBXFileReference; fileEncoding = 4; lastKnownFileType = sourcecode.c.h; path = "NSArray+Beyond.h"; sourceTree = "<group>"; };
		F66219431C43BF3500009FE9 /* NSArray+Beyond.m */ = {isa = PBXFileReference; fileEncoding = 4; lastKnownFileType = sourcecode.c.objc; path = "NSArray+Beyond.m"; sourceTree = "<group>"; };
		F66219451C43C0E300009FE9 /* NSObject+AutoEncode.h */ = {isa = PBXFileReference; fileEncoding = 4; lastKnownFileType = sourcecode.c.h; path = "NSObject+AutoEncode.h"; sourceTree = "<group>"; };
		F66219461C43C0E300009FE9 /* NSObject+AutoEncode.m */ = {isa = PBXFileReference; fileEncoding = 4; lastKnownFileType = sourcecode.c.objc; path = "NSObject+AutoEncode.m"; sourceTree = "<group>"; };
		F66219491C43C75F00009FE9 /* Person.h */ = {isa = PBXFileReference; fileEncoding = 4; lastKnownFileType = sourcecode.c.h; path = Person.h; sourceTree = "<group>"; };
		F662194A1C43C75F00009FE9 /* Person.m */ = {isa = PBXFileReference; fileEncoding = 4; lastKnownFileType = sourcecode.c.objc; path = Person.m; sourceTree = "<group>"; };
		F662194D1C43D02100009FE9 /* icon.xcassets */ = {isa = PBXFileReference; lastKnownFileType = folder.assetcatalog; path = icon.xcassets; sourceTree = "<group>"; };
		F662194F1C43DF8A00009FE9 /* RootViewController.h */ = {isa = PBXFileReference; fileEncoding = 4; lastKnownFileType = sourcecode.c.h; path = RootViewController.h; sourceTree = "<group>"; };
		F66219501C43DF8A00009FE9 /* RootViewController.m */ = {isa = PBXFileReference; fileEncoding = 4; lastKnownFileType = sourcecode.c.objc; path = RootViewController.m; sourceTree = "<group>"; };
		F66219561C43E1CD00009FE9 /* CellHeighTableViewController.h */ = {isa = PBXFileReference; fileEncoding = 4; lastKnownFileType = sourcecode.c.h; path = CellHeighTableViewController.h; sourceTree = "<group>"; };
		F66219571C43E1CD00009FE9 /* CellHeighTableViewController.m */ = {isa = PBXFileReference; fileEncoding = 4; lastKnownFileType = sourcecode.c.objc; path = CellHeighTableViewController.m; sourceTree = "<group>"; };
		F66219671C43F6FD00009FE9 /* MKAnnotationView+WebCache.h */ = {isa = PBXFileReference; fileEncoding = 4; lastKnownFileType = sourcecode.c.h; path = "MKAnnotationView+WebCache.h"; sourceTree = "<group>"; };
		F66219681C43F6FD00009FE9 /* MKAnnotationView+WebCache.m */ = {isa = PBXFileReference; fileEncoding = 4; lastKnownFileType = sourcecode.c.objc; path = "MKAnnotationView+WebCache.m"; sourceTree = "<group>"; };
		F66219691C43F6FD00009FE9 /* NSData+ImageContentType.h */ = {isa = PBXFileReference; fileEncoding = 4; lastKnownFileType = sourcecode.c.h; path = "NSData+ImageContentType.h"; sourceTree = "<group>"; };
		F662196A1C43F6FD00009FE9 /* NSData+ImageContentType.m */ = {isa = PBXFileReference; fileEncoding = 4; lastKnownFileType = sourcecode.c.objc; path = "NSData+ImageContentType.m"; sourceTree = "<group>"; };
		F662196B1C43F6FD00009FE9 /* SDImageCache.h */ = {isa = PBXFileReference; fileEncoding = 4; lastKnownFileType = sourcecode.c.h; path = SDImageCache.h; sourceTree = "<group>"; };
		F662196C1C43F6FD00009FE9 /* SDImageCache.m */ = {isa = PBXFileReference; fileEncoding = 4; lastKnownFileType = sourcecode.c.objc; path = SDImageCache.m; sourceTree = "<group>"; };
		F662196D1C43F6FD00009FE9 /* SDWebImageCompat.h */ = {isa = PBXFileReference; fileEncoding = 4; lastKnownFileType = sourcecode.c.h; path = SDWebImageCompat.h; sourceTree = "<group>"; };
		F662196E1C43F6FD00009FE9 /* SDWebImageCompat.m */ = {isa = PBXFileReference; fileEncoding = 4; lastKnownFileType = sourcecode.c.objc; path = SDWebImageCompat.m; sourceTree = "<group>"; };
		F662196F1C43F6FD00009FE9 /* SDWebImageDecoder.h */ = {isa = PBXFileReference; fileEncoding = 4; lastKnownFileType = sourcecode.c.h; path = SDWebImageDecoder.h; sourceTree = "<group>"; };
		F66219701C43F6FD00009FE9 /* SDWebImageDecoder.m */ = {isa = PBXFileReference; fileEncoding = 4; lastKnownFileType = sourcecode.c.objc; path = SDWebImageDecoder.m; sourceTree = "<group>"; };
		F66219711C43F6FD00009FE9 /* SDWebImageDownloader.h */ = {isa = PBXFileReference; fileEncoding = 4; lastKnownFileType = sourcecode.c.h; path = SDWebImageDownloader.h; sourceTree = "<group>"; };
		F66219721C43F6FD00009FE9 /* SDWebImageDownloader.m */ = {isa = PBXFileReference; fileEncoding = 4; lastKnownFileType = sourcecode.c.objc; path = SDWebImageDownloader.m; sourceTree = "<group>"; };
		F66219731C43F6FD00009FE9 /* SDWebImageDownloaderOperation.h */ = {isa = PBXFileReference; fileEncoding = 4; lastKnownFileType = sourcecode.c.h; path = SDWebImageDownloaderOperation.h; sourceTree = "<group>"; };
		F66219741C43F6FD00009FE9 /* SDWebImageDownloaderOperation.m */ = {isa = PBXFileReference; fileEncoding = 4; lastKnownFileType = sourcecode.c.objc; path = SDWebImageDownloaderOperation.m; sourceTree = "<group>"; };
		F66219751C43F6FD00009FE9 /* SDWebImageManager.h */ = {isa = PBXFileReference; fileEncoding = 4; lastKnownFileType = sourcecode.c.h; path = SDWebImageManager.h; sourceTree = "<group>"; };
		F66219761C43F6FD00009FE9 /* SDWebImageManager.m */ = {isa = PBXFileReference; fileEncoding = 4; lastKnownFileType = sourcecode.c.objc; path = SDWebImageManager.m; sourceTree = "<group>"; };
		F66219771C43F6FD00009FE9 /* SDWebImageOperation.h */ = {isa = PBXFileReference; fileEncoding = 4; lastKnownFileType = sourcecode.c.h; path = SDWebImageOperation.h; sourceTree = "<group>"; };
		F66219781C43F6FD00009FE9 /* SDWebImagePrefetcher.h */ = {isa = PBXFileReference; fileEncoding = 4; lastKnownFileType = sourcecode.c.h; path = SDWebImagePrefetcher.h; sourceTree = "<group>"; };
		F66219791C43F6FD00009FE9 /* SDWebImagePrefetcher.m */ = {isa = PBXFileReference; fileEncoding = 4; lastKnownFileType = sourcecode.c.objc; path = SDWebImagePrefetcher.m; sourceTree = "<group>"; };
		F662197A1C43F6FD00009FE9 /* UIButton+WebCache.h */ = {isa = PBXFileReference; fileEncoding = 4; lastKnownFileType = sourcecode.c.h; path = "UIButton+WebCache.h"; sourceTree = "<group>"; };
		F662197B1C43F6FD00009FE9 /* UIButton+WebCache.m */ = {isa = PBXFileReference; fileEncoding = 4; lastKnownFileType = sourcecode.c.objc; path = "UIButton+WebCache.m"; sourceTree = "<group>"; };
		F662197C1C43F6FD00009FE9 /* UIImage+GIF.h */ = {isa = PBXFileReference; fileEncoding = 4; lastKnownFileType = sourcecode.c.h; path = "UIImage+GIF.h"; sourceTree = "<group>"; };
		F662197D1C43F6FD00009FE9 /* UIImage+GIF.m */ = {isa = PBXFileReference; fileEncoding = 4; lastKnownFileType = sourcecode.c.objc; path = "UIImage+GIF.m"; sourceTree = "<group>"; };
		F662197E1C43F6FD00009FE9 /* UIImage+MultiFormat.h */ = {isa = PBXFileReference; fileEncoding = 4; lastKnownFileType = sourcecode.c.h; path = "UIImage+MultiFormat.h"; sourceTree = "<group>"; };
		F662197F1C43F6FD00009FE9 /* UIImage+MultiFormat.m */ = {isa = PBXFileReference; fileEncoding = 4; lastKnownFileType = sourcecode.c.objc; path = "UIImage+MultiFormat.m"; sourceTree = "<group>"; };
		F66219801C43F6FD00009FE9 /* UIImage+WebP.h */ = {isa = PBXFileReference; fileEncoding = 4; lastKnownFileType = sourcecode.c.h; path = "UIImage+WebP.h"; sourceTree = "<group>"; };
		F66219811C43F6FD00009FE9 /* UIImage+WebP.m */ = {isa = PBXFileReference; fileEncoding = 4; lastKnownFileType = sourcecode.c.objc; path = "UIImage+WebP.m"; sourceTree = "<group>"; };
		F66219821C43F6FD00009FE9 /* UIImageView+HighlightedWebCache.h */ = {isa = PBXFileReference; fileEncoding = 4; lastKnownFileType = sourcecode.c.h; path = "UIImageView+HighlightedWebCache.h"; sourceTree = "<group>"; };
		F66219831C43F6FD00009FE9 /* UIImageView+HighlightedWebCache.m */ = {isa = PBXFileReference; fileEncoding = 4; lastKnownFileType = sourcecode.c.objc; path = "UIImageView+HighlightedWebCache.m"; sourceTree = "<group>"; };
		F66219841C43F6FD00009FE9 /* UIImageView+WebCache.h */ = {isa = PBXFileReference; fileEncoding = 4; lastKnownFileType = sourcecode.c.h; path = "UIImageView+WebCache.h"; sourceTree = "<group>"; };
		F66219851C43F6FD00009FE9 /* UIImageView+WebCache.m */ = {isa = PBXFileReference; fileEncoding = 4; lastKnownFileType = sourcecode.c.objc; path = "UIImageView+WebCache.m"; sourceTree = "<group>"; };
		F66219861C43F6FD00009FE9 /* UIView+WebCacheOperation.h */ = {isa = PBXFileReference; fileEncoding = 4; lastKnownFileType = sourcecode.c.h; path = "UIView+WebCacheOperation.h"; sourceTree = "<group>"; };
		F66219871C43F6FD00009FE9 /* UIView+WebCacheOperation.m */ = {isa = PBXFileReference; fileEncoding = 4; lastKnownFileType = sourcecode.c.objc; path = "UIView+WebCacheOperation.m"; sourceTree = "<group>"; };
		F66219991C43F7BF00009FE9 /* MD5ViewController.h */ = {isa = PBXFileReference; fileEncoding = 4; lastKnownFileType = sourcecode.c.h; path = MD5ViewController.h; sourceTree = "<group>"; };
		F662199A1C43F7BF00009FE9 /* MD5ViewController.m */ = {isa = PBXFileReference; fileEncoding = 4; lastKnownFileType = sourcecode.c.objc; path = MD5ViewController.m; sourceTree = "<group>"; };
		F662199C1C43F7E200009FE9 /* NSString+md5Sting.h */ = {isa = PBXFileReference; fileEncoding = 4; lastKnownFileType = sourcecode.c.h; path = "NSString+md5Sting.h"; sourceTree = "<group>"; };
		F662199D1C43F7E200009FE9 /* NSString+md5Sting.m */ = {isa = PBXFileReference; fileEncoding = 4; lastKnownFileType = sourcecode.c.objc; path = "NSString+md5Sting.m"; sourceTree = "<group>"; };
		F662199F1C43F8EA00009FE9 /* MD5.jpg */ = {isa = PBXFileReference; lastKnownFileType = image.jpeg; path = MD5.jpg; sourceTree = "<group>"; };
		F66219A11C43FBC500009FE9 /* HeightModel.m */ = {isa = PBXFileReference; fileEncoding = 4; lastKnownFileType = sourcecode.c.objc; path = HeightModel.m; sourceTree = "<group>"; };
		F66219A21C43FBC500009FE9 /* HeightModel.h */ = {isa = PBXFileReference; fileEncoding = 4; lastKnownFileType = sourcecode.c.h; path = HeightModel.h; sourceTree = "<group>"; };
		F66219A41C43FCCE00009FE9 /* Reachability.h */ = {isa = PBXFileReference; fileEncoding = 4; lastKnownFileType = sourcecode.c.h; name = Reachability.h; path = SDWebImage/Reachability.h; sourceTree = "<group>"; };
		F66219A51C43FCCE00009FE9 /* Reachability.m */ = {isa = PBXFileReference; fileEncoding = 4; lastKnownFileType = sourcecode.c.objc; name = Reachability.m; path = SDWebImage/Reachability.m; sourceTree = "<group>"; };
		F66219A71C43FD0100009FE9 /* 01.jpg */ = {isa = PBXFileReference; lastKnownFileType = image.jpeg; path = 01.jpg; sourceTree = "<group>"; };
		F66219A81C43FD0100009FE9 /* 02.jpg */ = {isa = PBXFileReference; lastKnownFileType = image.jpeg; path = 02.jpg; sourceTree = "<group>"; };
		F66219A91C43FD0100009FE9 /* 03.jpg */ = {isa = PBXFileReference; lastKnownFileType = image.jpeg; path = 03.jpg; sourceTree = "<group>"; };
		F66219AA1C43FD0100009FE9 /* 04.jpg */ = {isa = PBXFileReference; lastKnownFileType = image.jpeg; path = 04.jpg; sourceTree = "<group>"; };
		F66219AB1C43FD0100009FE9 /* 05.jpg */ = {isa = PBXFileReference; lastKnownFileType = image.jpeg; path = 05.jpg; sourceTree = "<group>"; };
		F66219AC1C43FD0100009FE9 /* 06.jpg */ = {isa = PBXFileReference; lastKnownFileType = image.jpeg; path = 06.jpg; sourceTree = "<group>"; };
		F66219AD1C43FD0100009FE9 /* 07.jpg */ = {isa = PBXFileReference; lastKnownFileType = image.jpeg; path = 07.jpg; sourceTree = "<group>"; };
		F66219AE1C43FD0100009FE9 /* 08.jpg */ = {isa = PBXFileReference; lastKnownFileType = image.jpeg; path = 08.jpg; sourceTree = "<group>"; };
		F66219AF1C43FD0100009FE9 /* 09.jpg */ = {isa = PBXFileReference; lastKnownFileType = image.jpeg; path = 09.jpg; sourceTree = "<group>"; };
		F66219BE1C43FEEE00009FE9 /* UIView+Frame.h */ = {isa = PBXFileReference; fileEncoding = 4; lastKnownFileType = sourcecode.c.h; path = "UIView+Frame.h"; sourceTree = "<group>"; };
		F66219BF1C43FEEE00009FE9 /* UIView+Frame.m */ = {isa = PBXFileReference; fileEncoding = 4; lastKnownFileType = sourcecode.c.objc; path = "UIView+Frame.m"; sourceTree = "<group>"; };
		F66219C11C43FF4800009FE9 /* NSDate+Extension.h */ = {isa = PBXFileReference; fileEncoding = 4; lastKnownFileType = sourcecode.c.h; path = "NSDate+Extension.h"; sourceTree = "<group>"; };
		F66219C21C43FF4800009FE9 /* NSDate+Extension.m */ = {isa = PBXFileReference; fileEncoding = 4; lastKnownFileType = sourcecode.c.objc; path = "NSDate+Extension.m"; sourceTree = "<group>"; };
		F66219C41C43FF7D00009FE9 /* NSString +Extension.h */ = {isa = PBXFileReference; fileEncoding = 4; lastKnownFileType = sourcecode.c.h; path = "NSString +Extension.h"; sourceTree = "<group>"; };
		F66219C51C43FF7D00009FE9 /* NSString +Extension.m */ = {isa = PBXFileReference; fileEncoding = 4; lastKnownFileType = sourcecode.c.objc; path = "NSString +Extension.m"; sourceTree = "<group>"; };
		F66219C71C43FFF400009FE9 /* UIBarButtonItem+Extension.h */ = {isa = PBXFileReference; fileEncoding = 4; lastKnownFileType = sourcecode.c.h; path = "UIBarButtonItem+Extension.h"; sourceTree = "<group>"; };
		F66219C81C43FFF400009FE9 /* UIBarButtonItem+Extension.m */ = {isa = PBXFileReference; fileEncoding = 4; lastKnownFileType = sourcecode.c.objc; path = "UIBarButtonItem+Extension.m"; sourceTree = "<group>"; };
		F665B6D71C536A2B008E48DF /* MasonryViewController.h */ = {isa = PBXFileReference; fileEncoding = 4; lastKnownFileType = sourcecode.c.h; path = MasonryViewController.h; sourceTree = "<group>"; };
		F665B6D81C536A2B008E48DF /* MasonryViewController.m */ = {isa = PBXFileReference; fileEncoding = 4; lastKnownFileType = sourcecode.c.objc; path = MasonryViewController.m; sourceTree = "<group>"; };
		F665B6DB1C5372ED008E48DF /* MASCompositeConstraint.h */ = {isa = PBXFileReference; fileEncoding = 4; lastKnownFileType = sourcecode.c.h; path = MASCompositeConstraint.h; sourceTree = "<group>"; };
		F665B6DC1C5372ED008E48DF /* MASCompositeConstraint.m */ = {isa = PBXFileReference; fileEncoding = 4; lastKnownFileType = sourcecode.c.objc; path = MASCompositeConstraint.m; sourceTree = "<group>"; };
		F665B6DD1C5372ED008E48DF /* MASConstraint+Private.h */ = {isa = PBXFileReference; fileEncoding = 4; lastKnownFileType = sourcecode.c.h; path = "MASConstraint+Private.h"; sourceTree = "<group>"; };
		F665B6DE1C5372ED008E48DF /* MASConstraint.h */ = {isa = PBXFileReference; fileEncoding = 4; lastKnownFileType = sourcecode.c.h; path = MASConstraint.h; sourceTree = "<group>"; };
		F665B6DF1C5372ED008E48DF /* MASConstraint.m */ = {isa = PBXFileReference; fileEncoding = 4; lastKnownFileType = sourcecode.c.objc; path = MASConstraint.m; sourceTree = "<group>"; };
		F665B6E01C5372ED008E48DF /* MASConstraintMaker.h */ = {isa = PBXFileReference; fileEncoding = 4; lastKnownFileType = sourcecode.c.h; path = MASConstraintMaker.h; sourceTree = "<group>"; };
		F665B6E11C5372ED008E48DF /* MASConstraintMaker.m */ = {isa = PBXFileReference; fileEncoding = 4; lastKnownFileType = sourcecode.c.objc; path = MASConstraintMaker.m; sourceTree = "<group>"; };
		F665B6E21C5372ED008E48DF /* MASLayoutConstraint.h */ = {isa = PBXFileReference; fileEncoding = 4; lastKnownFileType = sourcecode.c.h; path = MASLayoutConstraint.h; sourceTree = "<group>"; };
		F665B6E31C5372ED008E48DF /* MASLayoutConstraint.m */ = {isa = PBXFileReference; fileEncoding = 4; lastKnownFileType = sourcecode.c.objc; path = MASLayoutConstraint.m; sourceTree = "<group>"; };
		F665B6E41C5372ED008E48DF /* Masonry.h */ = {isa = PBXFileReference; fileEncoding = 4; lastKnownFileType = sourcecode.c.h; path = Masonry.h; sourceTree = "<group>"; };
		F665B6E51C5372ED008E48DF /* MASUtilities.h */ = {isa = PBXFileReference; fileEncoding = 4; lastKnownFileType = sourcecode.c.h; path = MASUtilities.h; sourceTree = "<group>"; };
		F665B6E61C5372ED008E48DF /* MASViewAttribute.h */ = {isa = PBXFileReference; fileEncoding = 4; lastKnownFileType = sourcecode.c.h; path = MASViewAttribute.h; sourceTree = "<group>"; };
		F665B6E71C5372ED008E48DF /* MASViewAttribute.m */ = {isa = PBXFileReference; fileEncoding = 4; lastKnownFileType = sourcecode.c.objc; path = MASViewAttribute.m; sourceTree = "<group>"; };
		F665B6E81C5372ED008E48DF /* MASViewConstraint.h */ = {isa = PBXFileReference; fileEncoding = 4; lastKnownFileType = sourcecode.c.h; path = MASViewConstraint.h; sourceTree = "<group>"; };
		F665B6E91C5372ED008E48DF /* MASViewConstraint.m */ = {isa = PBXFileReference; fileEncoding = 4; lastKnownFileType = sourcecode.c.objc; path = MASViewConstraint.m; sourceTree = "<group>"; };
		F665B6EA1C5372ED008E48DF /* NSArray+MASAdditions.h */ = {isa = PBXFileReference; fileEncoding = 4; lastKnownFileType = sourcecode.c.h; path = "NSArray+MASAdditions.h"; sourceTree = "<group>"; };
		F665B6EB1C5372ED008E48DF /* NSArray+MASAdditions.m */ = {isa = PBXFileReference; fileEncoding = 4; lastKnownFileType = sourcecode.c.objc; path = "NSArray+MASAdditions.m"; sourceTree = "<group>"; };
		F665B6EC1C5372ED008E48DF /* NSArray+MASShorthandAdditions.h */ = {isa = PBXFileReference; fileEncoding = 4; lastKnownFileType = sourcecode.c.h; path = "NSArray+MASShorthandAdditions.h"; sourceTree = "<group>"; };
		F665B6ED1C5372ED008E48DF /* NSLayoutConstraint+MASDebugAdditions.h */ = {isa = PBXFileReference; fileEncoding = 4; lastKnownFileType = sourcecode.c.h; path = "NSLayoutConstraint+MASDebugAdditions.h"; sourceTree = "<group>"; };
		F665B6EE1C5372ED008E48DF /* NSLayoutConstraint+MASDebugAdditions.m */ = {isa = PBXFileReference; fileEncoding = 4; lastKnownFileType = sourcecode.c.objc; path = "NSLayoutConstraint+MASDebugAdditions.m"; sourceTree = "<group>"; };
		F665B6EF1C5372ED008E48DF /* View+MASAdditions.h */ = {isa = PBXFileReference; fileEncoding = 4; lastKnownFileType = sourcecode.c.h; path = "View+MASAdditions.h"; sourceTree = "<group>"; };
		F665B6F01C5372ED008E48DF /* View+MASAdditions.m */ = {isa = PBXFileReference; fileEncoding = 4; lastKnownFileType = sourcecode.c.objc; path = "View+MASAdditions.m"; sourceTree = "<group>"; };
		F665B6F11C5372ED008E48DF /* View+MASShorthandAdditions.h */ = {isa = PBXFileReference; fileEncoding = 4; lastKnownFileType = sourcecode.c.h; path = "View+MASShorthandAdditions.h"; sourceTree = "<group>"; };
		F665B6F21C5372ED008E48DF /* ViewController+MASAdditions.h */ = {isa = PBXFileReference; fileEncoding = 4; lastKnownFileType = sourcecode.c.h; path = "ViewController+MASAdditions.h"; sourceTree = "<group>"; };
		F665B6F31C5372ED008E48DF /* ViewController+MASAdditions.m */ = {isa = PBXFileReference; fileEncoding = 4; lastKnownFileType = sourcecode.c.objc; path = "ViewController+MASAdditions.m"; sourceTree = "<group>"; };
		F665B6FE1C5374E4008E48DF /* PrefixHeader.pch */ = {isa = PBXFileReference; fileEncoding = 4; lastKnownFileType = sourcecode.c.h; path = PrefixHeader.pch; sourceTree = "<group>"; };
		F66AE21D1C54F52800A6E02D /* MsgViewController.h */ = {isa = PBXFileReference; fileEncoding = 4; lastKnownFileType = sourcecode.c.h; path = MsgViewController.h; sourceTree = "<group>"; };
		F66AE21E1C54F52800A6E02D /* MsgViewController.m */ = {isa = PBXFileReference; fileEncoding = 4; lastKnownFileType = sourcecode.c.objc; path = MsgViewController.m; sourceTree = "<group>"; };
		F6796FEC1C4BE03900E35E05 /* User.h */ = {isa = PBXFileReference; fileEncoding = 4; lastKnownFileType = sourcecode.c.h; path = User.h; sourceTree = "<group>"; };
		F6796FED1C4BE03A00E35E05 /* User.m */ = {isa = PBXFileReference; fileEncoding = 4; lastKnownFileType = sourcecode.c.objc; path = User.m; sourceTree = "<group>"; };
		F67D11091C56490300DC9C8A /* TabBarViewController.h */ = {isa = PBXFileReference; fileEncoding = 4; lastKnownFileType = sourcecode.c.h; path = TabBarViewController.h; sourceTree = "<group>"; };
		F67D110A1C56490300DC9C8A /* TabBarViewController.m */ = {isa = PBXFileReference; fileEncoding = 4; lastKnownFileType = sourcecode.c.objc; path = TabBarViewController.m; sourceTree = "<group>"; };
		F67D110C1C5649D000DC9C8A /* UIView+Util.h */ = {isa = PBXFileReference; fileEncoding = 4; lastKnownFileType = sourcecode.c.h; path = "UIView+Util.h"; sourceTree = "<group>"; };
		F67D110D1C5649D000DC9C8A /* UIView+Util.m */ = {isa = PBXFileReference; fileEncoding = 4; lastKnownFileType = sourcecode.c.objc; path = "UIView+Util.m"; sourceTree = "<group>"; };
		F67D110F1C564A5300DC9C8A /* UIColor+Util.h */ = {isa = PBXFileReference; fileEncoding = 4; lastKnownFileType = sourcecode.c.h; path = "UIColor+Util.h"; sourceTree = "<group>"; };
		F67D11101C564A5300DC9C8A /* UIColor+Util.m */ = {isa = PBXFileReference; fileEncoding = 4; lastKnownFileType = sourcecode.c.objc; path = "UIColor+Util.m"; sourceTree = "<group>"; };
		F67D11121C564EE100DC9C8A /* FirstVC.h */ = {isa = PBXFileReference; fileEncoding = 4; lastKnownFileType = sourcecode.c.h; path = FirstVC.h; sourceTree = "<group>"; };
		F67D11131C564EE100DC9C8A /* FirstVC.m */ = {isa = PBXFileReference; fileEncoding = 4; lastKnownFileType = sourcecode.c.objc; path = FirstVC.m; sourceTree = "<group>"; };
		F67D11151C564EF800DC9C8A /* SecondVC.h */ = {isa = PBXFileReference; fileEncoding = 4; lastKnownFileType = sourcecode.c.h; path = SecondVC.h; sourceTree = "<group>"; };
		F67D11161C564EF800DC9C8A /* SecondVC.m */ = {isa = PBXFileReference; fileEncoding = 4; lastKnownFileType = sourcecode.c.objc; path = SecondVC.m; sourceTree = "<group>"; };
		F67D11181C564F0C00DC9C8A /* ThirdVC.h */ = {isa = PBXFileReference; fileEncoding = 4; lastKnownFileType = sourcecode.c.h; path = ThirdVC.h; sourceTree = "<group>"; };
		F67D11191C564F0C00DC9C8A /* ThirdVC.m */ = {isa = PBXFileReference; fileEncoding = 4; lastKnownFileType = sourcecode.c.objc; path = ThirdVC.m; sourceTree = "<group>"; };
		F67D111C1C5665B900DC9C8A /* user-background-320-dark@2x.png */ = {isa = PBXFileReference; lastKnownFileType = image.png; path = "user-background-320-dark@2x.png"; sourceTree = "<group>"; };
		F67D111E1C5665D100DC9C8A /* user-background-320@2x.png */ = {isa = PBXFileReference; lastKnownFileType = image.png; path = "user-background-320@2x.png"; sourceTree = "<group>"; };
		F67D111F1C5665D100DC9C8A /* user-background-375-dark@2x.png */ = {isa = PBXFileReference; lastKnownFileType = image.png; path = "user-background-375-dark@2x.png"; sourceTree = "<group>"; };
		F67D11201C5665D100DC9C8A /* user-background-375@2x.png */ = {isa = PBXFileReference; lastKnownFileType = image.png; path = "user-background-375@2x.png"; sourceTree = "<group>"; };
		F67D11211C5665D100DC9C8A /* user-background-dark@3x.png */ = {isa = PBXFileReference; lastKnownFileType = image.png; path = "user-background-dark@3x.png"; sourceTree = "<group>"; };
		F67D11221C5665D100DC9C8A /* user-background@3x.png */ = {isa = PBXFileReference; lastKnownFileType = image.png; path = "user-background@3x.png"; sourceTree = "<group>"; };
		F67D112C1C56662700DC9C8A /* tabbar-me@2x.png */ = {isa = PBXFileReference; lastKnownFileType = image.png; path = "tabbar-me@2x.png"; sourceTree = "<group>"; };
		F67D112D1C56662700DC9C8A /* tabbar-me@3x.png */ = {isa = PBXFileReference; lastKnownFileType = image.png; path = "tabbar-me@3x.png"; sourceTree = "<group>"; };
		F67D11301C56662D00DC9C8A /* tabbar-me-selected@2x.png */ = {isa = PBXFileReference; lastKnownFileType = image.png; path = "tabbar-me-selected@2x.png"; sourceTree = "<group>"; };
		F67D11311C56662D00DC9C8A /* tabbar-me-selected@3x.png */ = {isa = PBXFileReference; lastKnownFileType = image.png; path = "tabbar-me-selected@3x.png"; sourceTree = "<group>"; };
		F67D11341C56699100DC9C8A /* tabbar-more@2x.png */ = {isa = PBXFileReference; lastKnownFileType = image.png; path = "tabbar-more@2x.png"; sourceTree = "<group>"; };
		F67D11351C56699100DC9C8A /* tabbar-more@3x.png */ = {isa = PBXFileReference; lastKnownFileType = image.png; path = "tabbar-more@3x.png"; sourceTree = "<group>"; };
		F68180ED1C47403A005BAC1B /* CycleViewController.h */ = {isa = PBXFileReference; fileEncoding = 4; lastKnownFileType = sourcecode.c.h; path = CycleViewController.h; sourceTree = "<group>"; };
		F68180EE1C47403A005BAC1B /* CycleViewController.m */ = {isa = PBXFileReference; fileEncoding = 4; lastKnownFileType = sourcecode.c.objc; path = CycleViewController.m; sourceTree = "<group>"; };
		F68180F11C474FBE005BAC1B /* placeHolder.png */ = {isa = PBXFileReference; lastKnownFileType = image.png; path = placeHolder.png; sourceTree = "<group>"; };
		F68180F31C475417005BAC1B /* CycleScrollView.h */ = {isa = PBXFileReference; fileEncoding = 4; lastKnownFileType = sourcecode.c.h; path = CycleScrollView.h; sourceTree = "<group>"; };
		F68180F41C475417005BAC1B /* CycleScrollView.m */ = {isa = PBXFileReference; fileEncoding = 4; lastKnownFileType = sourcecode.c.objc; path = CycleScrollView.m; sourceTree = "<group>"; };
		F68180F51C475417005BAC1B /* NSTimer+Addition.h */ = {isa = PBXFileReference; fileEncoding = 4; lastKnownFileType = sourcecode.c.h; path = "NSTimer+Addition.h"; sourceTree = "<group>"; };
		F68180F61C475417005BAC1B /* NSTimer+Addition.m */ = {isa = PBXFileReference; fileEncoding = 4; lastKnownFileType = sourcecode.c.objc; path = "NSTimer+Addition.m"; sourceTree = "<group>"; };
		F6B52DAF1C4495B900C5AF0D /* HdMsgBox.h */ = {isa = PBXFileReference; fileEncoding = 4; lastKnownFileType = sourcecode.c.h; path = HdMsgBox.h; sourceTree = "<group>"; };
		F6B52DB01C4495B900C5AF0D /* HdMsgBox.m */ = {isa = PBXFileReference; fileEncoding = 4; lastKnownFileType = sourcecode.c.objc; path = HdMsgBox.m; sourceTree = "<group>"; };
		F6B52DB21C4495C400C5AF0D /* MBProgressHUD.h */ = {isa = PBXFileReference; fileEncoding = 4; lastKnownFileType = sourcecode.c.h; path = MBProgressHUD.h; sourceTree = "<group>"; };
		F6B52DB31C4495C400C5AF0D /* MBProgressHUD.m */ = {isa = PBXFileReference; fileEncoding = 4; lastKnownFileType = sourcecode.c.objc; path = MBProgressHUD.m; sourceTree = "<group>"; };
		F6B52DB61C44968400C5AF0D /* HudTableViewController.h */ = {isa = PBXFileReference; fileEncoding = 4; lastKnownFileType = sourcecode.c.h; path = HudTableViewController.h; sourceTree = "<group>"; };
		F6B52DB71C44968400C5AF0D /* HudTableViewController.m */ = {isa = PBXFileReference; fileEncoding = 4; lastKnownFileType = sourcecode.c.objc; path = HudTableViewController.m; sourceTree = "<group>"; };
		F6B52DB91C44AA1600C5AF0D /* DefineConstant.h */ = {isa = PBXFileReference; fileEncoding = 4; lastKnownFileType = sourcecode.c.h; path = DefineConstant.h; sourceTree = "<group>"; };
		F6B52DBA1C44AA4200C5AF0D /* TestViewController.h */ = {isa = PBXFileReference; fileEncoding = 4; lastKnownFileType = sourcecode.c.h; path = TestViewController.h; sourceTree = "<group>"; };
		F6B52DBB1C44AA4200C5AF0D /* TestViewController.m */ = {isa = PBXFileReference; fileEncoding = 4; lastKnownFileType = sourcecode.c.objc; path = TestViewController.m; sourceTree = "<group>"; };
		F6BD4BD91C81C5D3004F151D /* ico_faq_d.png */ = {isa = PBXFileReference; lastKnownFileType = image.png; path = ico_faq_d.png; sourceTree = "<group>"; };
		F6BD4BDA1C81C5D3004F151D /* ico_listdown.png */ = {isa = PBXFileReference; lastKnownFileType = image.png; path = ico_listdown.png; sourceTree = "<group>"; };
		F6BD4BDB1C81C5D3004F151D /* QQList.gif */ = {isa = PBXFileReference; lastKnownFileType = image.gif; path = QQList.gif; sourceTree = "<group>"; };
		F6BD4BDC1C81C5D3004F151D /* header.png */ = {isa = PBXFileReference; lastKnownFileType = image.png; path = header.png; sourceTree = "<group>"; };
		F6BD4BDD1C81C5D3004F151D /* ico_listup.png */ = {isa = PBXFileReference; lastKnownFileType = image.png; path = ico_listup.png; sourceTree = "<group>"; };
		F6BD4BDE1C81C5D3004F151D /* line_real.png */ = {isa = PBXFileReference; lastKnownFileType = image.png; path = line_real.png; sourceTree = "<group>"; };
		F6BD4BDF1C81C5D3004F151D /* ico_list.png */ = {isa = PBXFileReference; lastKnownFileType = image.png; path = ico_list.png; sourceTree = "<group>"; };
		F6BD4BE81C81C691004F151D /* TableViewCellOne.h */ = {isa = PBXFileReference; fileEncoding = 4; lastKnownFileType = sourcecode.c.h; path = TableViewCellOne.h; sourceTree = "<group>"; };
		F6BD4BE91C81C691004F151D /* TableViewCellOne.m */ = {isa = PBXFileReference; fileEncoding = 4; lastKnownFileType = sourcecode.c.objc; path = TableViewCellOne.m; sourceTree = "<group>"; };
		F6BD4BEA1C81C691004F151D /* TableViewCellOne.xib */ = {isa = PBXFileReference; fileEncoding = 4; lastKnownFileType = file.xib; path = TableViewCellOne.xib; sourceTree = "<group>"; };
		F6BD4BED1C81CE00004F151D /* FriendCell.h */ = {isa = PBXFileReference; fileEncoding = 4; lastKnownFileType = sourcecode.c.h; path = FriendCell.h; sourceTree = "<group>"; };
		F6BD4BEE1C81CE00004F151D /* FriendCell.m */ = {isa = PBXFileReference; fileEncoding = 4; lastKnownFileType = sourcecode.c.objc; path = FriendCell.m; sourceTree = "<group>"; };
		F6BD4BEF1C81CE00004F151D /* FriendCell.xib */ = {isa = PBXFileReference; fileEncoding = 4; lastKnownFileType = file.xib; path = FriendCell.xib; sourceTree = "<group>"; };
		F6BD4BF01C81CE00004F151D /* GroupModel.h */ = {isa = PBXFileReference; fileEncoding = 4; lastKnownFileType = sourcecode.c.h; path = GroupModel.h; sourceTree = "<group>"; };
		F6BD4BF11C81CE00004F151D /* GroupModel.m */ = {isa = PBXFileReference; fileEncoding = 4; lastKnownFileType = sourcecode.c.objc; path = GroupModel.m; sourceTree = "<group>"; };
		F6BD4BF71C81D3AC004F151D /* PullViewController.h */ = {isa = PBXFileReference; fileEncoding = 4; lastKnownFileType = sourcecode.c.h; path = PullViewController.h; sourceTree = "<group>"; };
		F6BD4BF81C81D3AC004F151D /* PullViewController.m */ = {isa = PBXFileReference; fileEncoding = 4; lastKnownFileType = sourcecode.c.objc; path = PullViewController.m; sourceTree = "<group>"; };
		F6BD4BFB1C81D448004F151D /* ico_make.png */ = {isa = PBXFileReference; lastKnownFileType = image.png; path = ico_make.png; sourceTree = "<group>"; };
		F6BD4C001C81D498004F151D /* JSDropDownMenu.h */ = {isa = PBXFileReference; fileEncoding = 4; lastKnownFileType = sourcecode.c.h; path = JSDropDownMenu.h; sourceTree = "<group>"; };
		F6BD4C011C81D498004F151D /* JSDropDownMenu.m */ = {isa = PBXFileReference; fileEncoding = 4; lastKnownFileType = sourcecode.c.objc; path = JSDropDownMenu.m; sourceTree = "<group>"; };
		F6C9CE811C4A2E7A00108B13 /* FMDatabase.h */ = {isa = PBXFileReference; fileEncoding = 4; lastKnownFileType = sourcecode.c.h; path = FMDatabase.h; sourceTree = "<group>"; };
		F6C9CE821C4A2E7A00108B13 /* FMDatabase.m */ = {isa = PBXFileReference; fileEncoding = 4; lastKnownFileType = sourcecode.c.objc; path = FMDatabase.m; sourceTree = "<group>"; };
		F6C9CE831C4A2E7A00108B13 /* FMDatabaseAdditions.h */ = {isa = PBXFileReference; fileEncoding = 4; lastKnownFileType = sourcecode.c.h; path = FMDatabaseAdditions.h; sourceTree = "<group>"; };
		F6C9CE841C4A2E7A00108B13 /* FMDatabaseAdditions.m */ = {isa = PBXFileReference; fileEncoding = 4; lastKnownFileType = sourcecode.c.objc; path = FMDatabaseAdditions.m; sourceTree = "<group>"; };
		F6C9CE851C4A2E7A00108B13 /* FMDatabasePool.h */ = {isa = PBXFileReference; fileEncoding = 4; lastKnownFileType = sourcecode.c.h; path = FMDatabasePool.h; sourceTree = "<group>"; };
		F6C9CE861C4A2E7A00108B13 /* FMDatabasePool.m */ = {isa = PBXFileReference; fileEncoding = 4; lastKnownFileType = sourcecode.c.objc; path = FMDatabasePool.m; sourceTree = "<group>"; };
		F6C9CE871C4A2E7A00108B13 /* FMDatabaseQueue.h */ = {isa = PBXFileReference; fileEncoding = 4; lastKnownFileType = sourcecode.c.h; path = FMDatabaseQueue.h; sourceTree = "<group>"; };
		F6C9CE881C4A2E7A00108B13 /* FMDatabaseQueue.m */ = {isa = PBXFileReference; fileEncoding = 4; lastKnownFileType = sourcecode.c.objc; path = FMDatabaseQueue.m; sourceTree = "<group>"; };
		F6C9CE891C4A2E7A00108B13 /* FMDB.h */ = {isa = PBXFileReference; fileEncoding = 4; lastKnownFileType = sourcecode.c.h; path = FMDB.h; sourceTree = "<group>"; };
		F6C9CE8A1C4A2E7A00108B13 /* FMResultSet.h */ = {isa = PBXFileReference; fileEncoding = 4; lastKnownFileType = sourcecode.c.h; path = FMResultSet.h; sourceTree = "<group>"; };
		F6C9CE8B1C4A2E7A00108B13 /* FMResultSet.m */ = {isa = PBXFileReference; fileEncoding = 4; lastKnownFileType = sourcecode.c.objc; path = FMResultSet.m; sourceTree = "<group>"; };
		F6C9CE911C4A2ED500108B13 /* FmdbDemoViewController.h */ = {isa = PBXFileReference; fileEncoding = 4; lastKnownFileType = sourcecode.c.h; path = FmdbDemoViewController.h; sourceTree = "<group>"; };
		F6C9CE921C4A2ED500108B13 /* FmdbDemoViewController.m */ = {isa = PBXFileReference; fileEncoding = 4; lastKnownFileType = sourcecode.c.objc; path = FmdbDemoViewController.m; sourceTree = "<group>"; };
		F6C9CE941C4A2F5500108B13 /* libsqlite3.tbd */ = {isa = PBXFileReference; lastKnownFileType = "sourcecode.text-based-dylib-definition"; name = libsqlite3.tbd; path = usr/lib/libsqlite3.tbd; sourceTree = SDKROOT; };
		F6C9CE961C4A30E900108B13 /* AddTableViewController.h */ = {isa = PBXFileReference; fileEncoding = 4; lastKnownFileType = sourcecode.c.h; path = AddTableViewController.h; sourceTree = "<group>"; };
		F6C9CE971C4A30E900108B13 /* AddTableViewController.m */ = {isa = PBXFileReference; fileEncoding = 4; lastKnownFileType = sourcecode.c.objc; path = AddTableViewController.m; sourceTree = "<group>"; };
		F6CD083F1C579A01002559D8 /* default－portrait.png */ = {isa = PBXFileReference; lastKnownFileType = image.png; path = "default－portrait.png"; sourceTree = "<group>"; };
		F6CD08401C579A01002559D8 /* default－portrait@2x.png */ = {isa = PBXFileReference; lastKnownFileType = image.png; path = "default－portrait@2x.png"; sourceTree = "<group>"; };
		F6CD08411C579A01002559D8 /* default－portrait@3x.png */ = {isa = PBXFileReference; lastKnownFileType = image.png; path = "default－portrait@3x.png"; sourceTree = "<group>"; };
		F6CEAA801C5515B100EDE24F /* MobileCoreServices.framework */ = {isa = PBXFileReference; lastKnownFileType = wrapper.framework; name = MobileCoreServices.framework; path = System/Library/Frameworks/MobileCoreServices.framework; sourceTree = SDKROOT; };
		F6D118931C4A361D0048D76F /* DataHelper.h */ = {isa = PBXFileReference; fileEncoding = 4; lastKnownFileType = sourcecode.c.h; path = DataHelper.h; sourceTree = "<group>"; };
		F6D118941C4A361D0048D76F /* DataHelper.m */ = {isa = PBXFileReference; fileEncoding = 4; lastKnownFileType = sourcecode.c.objc; path = DataHelper.m; sourceTree = "<group>"; };
		F6F9AA821C8052D300BCBB58 /* 0.jpg */ = {isa = PBXFileReference; lastKnownFileType = image.jpeg; path = 0.jpg; sourceTree = "<group>"; };
		F6F9AA831C8052D300BCBB58 /* 1.jpg */ = {isa = PBXFileReference; lastKnownFileType = image.jpeg; path = 1.jpg; sourceTree = "<group>"; };
		F6F9AA841C8052D300BCBB58 /* 2.jpg */ = {isa = PBXFileReference; lastKnownFileType = image.jpeg; path = 2.jpg; sourceTree = "<group>"; };
		F6F9AA851C8052D300BCBB58 /* 4.jpg */ = {isa = PBXFileReference; lastKnownFileType = image.jpeg; path = 4.jpg; sourceTree = "<group>"; };
		F6F9AA861C8052D300BCBB58 /* 3.jpg */ = {isa = PBXFileReference; lastKnownFileType = image.jpeg; path = 3.jpg; sourceTree = "<group>"; };
		F6F9AA901C8058E400BCBB58 /* GuidePageVIew.h */ = {isa = PBXFileReference; fileEncoding = 4; lastKnownFileType = sourcecode.c.h; path = GuidePageVIew.h; sourceTree = "<group>"; };
		F6F9AA911C8058E400BCBB58 /* GuidePageVIew.m */ = {isa = PBXFileReference; fileEncoding = 4; lastKnownFileType = sourcecode.c.objc; path = GuidePageVIew.m; sourceTree = "<group>"; };
		F6F9AA941C80717B00BCBB58 /* MoreViewController.h */ = {isa = PBXFileReference; fileEncoding = 4; lastKnownFileType = sourcecode.c.h; path = MoreViewController.h; sourceTree = "<group>"; };
		F6F9AA951C80717B00BCBB58 /* MoreViewController.m */ = {isa = PBXFileReference; fileEncoding = 4; lastKnownFileType = sourcecode.c.objc; path = MoreViewController.m; sourceTree = "<group>"; };
		F6F9AA991C8080F700BCBB58 /* OneTableViewController.h */ = {isa = PBXFileReference; fileEncoding = 4; lastKnownFileType = sourcecode.c.h; path = OneTableViewController.h; sourceTree = "<group>"; };
		F6F9AA9A1C8080F700BCBB58 /* OneTableViewController.m */ = {isa = PBXFileReference; fileEncoding = 4; lastKnownFileType = sourcecode.c.objc; path = OneTableViewController.m; sourceTree = "<group>"; };
		F6F9AA9D1C80810A00BCBB58 /* TwoTableViewController.h */ = {isa = PBXFileReference; fileEncoding = 4; lastKnownFileType = sourcecode.c.h; path = TwoTableViewController.h; sourceTree = "<group>"; };
		F6F9AA9E1C80810A00BCBB58 /* TwoTableViewController.m */ = {isa = PBXFileReference; fileEncoding = 4; lastKnownFileType = sourcecode.c.objc; path = TwoTableViewController.m; sourceTree = "<group>"; };
/* End PBXFileReference section */

/* Begin PBXFrameworksBuildPhase section */
		F66219221C43BDAB00009FE9 /* Frameworks */ = {
			isa = PBXFrameworksBuildPhase;
			buildActionMask = 2147483647;
			files = (
				F6C9CE951C4A2F5500108B13 /* libsqlite3.tbd in Frameworks */,
			);
			runOnlyForDeploymentPostprocessing = 0;
		};
/* End PBXFrameworksBuildPhase section */

/* Begin PBXGroup section */
		F6521FDD1C50ACBF0024D534 /* AttributeText */ = {
			isa = PBXGroup;
			children = (
				F6521FDE1C50ADB80024D534 /* AttributeTextVC.h */,
				F6521FDF1C50ADB80024D534 /* AttributeTextVC.m */,
				F6521FE11C50BA960024D534 /* UIView+point.h */,
				F6521FE21C50BA960024D534 /* UIView+point.m */,
				F64903301C50D7590064E5D3 /* PageViewController.h */,
				F64903311C50D7590064E5D3 /* PageViewController.m */,
				F64903331C50D8CF0064E5D3 /* node.txt */,
			);
			name = AttributeText;
			sourceTree = "<group>";
		};
		F662191C1C43BDAB00009FE9 = {
			isa = PBXGroup;
			children = (
				F6CEAA801C5515B100EDE24F /* MobileCoreServices.framework */,
				F6C9CE941C4A2F5500108B13 /* libsqlite3.tbd */,
				F66219271C43BDAB00009FE9 /* wey_tools */,
				F66219261C43BDAB00009FE9 /* Products */,
			);
			sourceTree = "<group>";
		};
		F66219261C43BDAB00009FE9 /* Products */ = {
			isa = PBXGroup;
			children = (
				F66219251C43BDAB00009FE9 /* wey_tools.app */,
			);
			name = Products;
			sourceTree = "<group>";
		};
		F66219271C43BDAB00009FE9 /* wey_tools */ = {
			isa = PBXGroup;
			children = (
				F662193F1C43BE8100009FE9 /* Classes */,
				F6B52DA21C44919E00C5AF0D /* Utils */,
				F66219BD1C43FEAD00009FE9 /* Category */,
				F66219BC1C43FEA300009FE9 /* Marcos */,
				F66219651C43F6DC00009FE9 /* Vendors */,
				F66219281C43BDAB00009FE9 /* Supporting Files */,
			);
			path = wey_tools;
			sourceTree = "<group>";
		};
		F66219281C43BDAB00009FE9 /* Supporting Files */ = {
			isa = PBXGroup;
			children = (
				F68180F11C474FBE005BAC1B /* placeHolder.png */,
				F66219311C43BDAC00009FE9 /* Main.storyboard */,
				F66219391C43BDAC00009FE9 /* Info.plist */,
				F66219291C43BDAB00009FE9 /* main.m */,
				F662194D1C43D02100009FE9 /* icon.xcassets */,
				F665B6FE1C5374E4008E48DF /* PrefixHeader.pch */,
			);
			name = "Supporting Files";
			sourceTree = "<group>";
		};
		F662193F1C43BE8100009FE9 /* Classes */ = {
			isa = PBXGroup;
			children = (
				F6BD4BF51C81D38C004F151D /* PullList */,
				F6F9AA931C806E8300BCBB58 /* MoreTableView */,
				F6F9AA8C1C8054F600BCBB58 /* GuidePages */,
				F67D11081C56489A00DC9C8A /* Appearance */,
				F665B6D61C536A05008E48DF /* Masonry */,
				F6521FDD1C50ACBF0024D534 /* AttributeText */,
				F6C9CE7D1C4A2E4C00108B13 /* FMDBDemo */,
				F68180F01C474184005BAC1B /* msg/phone */,
				F662192B1C43BDAB00009FE9 /* AppDelegate.h */,
				F662192C1C43BDAC00009FE9 /* AppDelegate.m */,
				F662194F1C43DF8A00009FE9 /* RootViewController.h */,
				F66219501C43DF8A00009FE9 /* RootViewController.m */,
				F6B52DB51C44967300C5AF0D /* HUD */,
				F66219981C43F7A900009FE9 /* MD5 */,
				F66219551C43E1A800009FE9 /* CellHeight */,
				F662194C1C43CBE600009FE9 /* CycleViewController */,
				F66219401C43BE9900009FE9 /* Runtime */,
			);
			name = Classes;
			sourceTree = "<group>";
		};
		F66219401C43BE9900009FE9 /* Runtime */ = {
			isa = PBXGroup;
			children = (
				F662192E1C43BDAC00009FE9 /* ViewController.h */,
				F662192F1C43BDAC00009FE9 /* ViewController.m */,
				F66219491C43C75F00009FE9 /* Person.h */,
				F662194A1C43C75F00009FE9 /* Person.m */,
				F66219411C43BEF900009FE9 /* Category */,
			);
			name = Runtime;
			sourceTree = "<group>";
		};
		F66219411C43BEF900009FE9 /* Category */ = {
			isa = PBXGroup;
			children = (
				F66219421C43BF3500009FE9 /* NSArray+Beyond.h */,
				F66219431C43BF3500009FE9 /* NSArray+Beyond.m */,
				F66219451C43C0E300009FE9 /* NSObject+AutoEncode.h */,
				F66219461C43C0E300009FE9 /* NSObject+AutoEncode.m */,
			);
			name = Category;
			sourceTree = "<group>";
		};
		F662194C1C43CBE600009FE9 /* CycleViewController */ = {
			isa = PBXGroup;
			children = (
				F68180E51C472E7F005BAC1B /* CycleView */,
				F66219BB1C43FD0F00009FE9 /* img */,
				F68180ED1C47403A005BAC1B /* CycleViewController.h */,
				F68180EE1C47403A005BAC1B /* CycleViewController.m */,
			);
			name = CycleViewController;
			sourceTree = "<group>";
		};
		F66219551C43E1A800009FE9 /* CellHeight */ = {
			isa = PBXGroup;
			children = (
				F66219A11C43FBC500009FE9 /* HeightModel.m */,
				F66219A21C43FBC500009FE9 /* HeightModel.h */,
				F66219561C43E1CD00009FE9 /* CellHeighTableViewController.h */,
				F66219571C43E1CD00009FE9 /* CellHeighTableViewController.m */,
			);
			name = CellHeight;
			sourceTree = "<group>";
		};
		F66219651C43F6DC00009FE9 /* Vendors */ = {
			isa = PBXGroup;
			children = (
				F665B6DA1C5372ED008E48DF /* Masonry */,
				F6C9CE7E1C4A2E7A00108B13 /* FMDB */,
				F6B52DAE1C44959F00C5AF0D /* hud */,
				F66219A41C43FCCE00009FE9 /* Reachability.h */,
				F66219A51C43FCCE00009FE9 /* Reachability.m */,
				F66219661C43F6FD00009FE9 /* SDWebImage */,
			);
			name = Vendors;
			sourceTree = "<group>";
		};
		F66219661C43F6FD00009FE9 /* SDWebImage */ = {
			isa = PBXGroup;
			children = (
				F66219671C43F6FD00009FE9 /* MKAnnotationView+WebCache.h */,
				F66219681C43F6FD00009FE9 /* MKAnnotationView+WebCache.m */,
				F66219691C43F6FD00009FE9 /* NSData+ImageContentType.h */,
				F662196A1C43F6FD00009FE9 /* NSData+ImageContentType.m */,
				F662196B1C43F6FD00009FE9 /* SDImageCache.h */,
				F662196C1C43F6FD00009FE9 /* SDImageCache.m */,
				F662196D1C43F6FD00009FE9 /* SDWebImageCompat.h */,
				F662196E1C43F6FD00009FE9 /* SDWebImageCompat.m */,
				F662196F1C43F6FD00009FE9 /* SDWebImageDecoder.h */,
				F66219701C43F6FD00009FE9 /* SDWebImageDecoder.m */,
				F66219711C43F6FD00009FE9 /* SDWebImageDownloader.h */,
				F66219721C43F6FD00009FE9 /* SDWebImageDownloader.m */,
				F66219731C43F6FD00009FE9 /* SDWebImageDownloaderOperation.h */,
				F66219741C43F6FD00009FE9 /* SDWebImageDownloaderOperation.m */,
				F66219751C43F6FD00009FE9 /* SDWebImageManager.h */,
				F66219761C43F6FD00009FE9 /* SDWebImageManager.m */,
				F66219771C43F6FD00009FE9 /* SDWebImageOperation.h */,
				F66219781C43F6FD00009FE9 /* SDWebImagePrefetcher.h */,
				F66219791C43F6FD00009FE9 /* SDWebImagePrefetcher.m */,
				F662197A1C43F6FD00009FE9 /* UIButton+WebCache.h */,
				F662197B1C43F6FD00009FE9 /* UIButton+WebCache.m */,
				F662197C1C43F6FD00009FE9 /* UIImage+GIF.h */,
				F662197D1C43F6FD00009FE9 /* UIImage+GIF.m */,
				F662197E1C43F6FD00009FE9 /* UIImage+MultiFormat.h */,
				F662197F1C43F6FD00009FE9 /* UIImage+MultiFormat.m */,
				F66219801C43F6FD00009FE9 /* UIImage+WebP.h */,
				F66219811C43F6FD00009FE9 /* UIImage+WebP.m */,
				F66219821C43F6FD00009FE9 /* UIImageView+HighlightedWebCache.h */,
				F66219831C43F6FD00009FE9 /* UIImageView+HighlightedWebCache.m */,
				F66219841C43F6FD00009FE9 /* UIImageView+WebCache.h */,
				F66219851C43F6FD00009FE9 /* UIImageView+WebCache.m */,
				F66219861C43F6FD00009FE9 /* UIView+WebCacheOperation.h */,
				F66219871C43F6FD00009FE9 /* UIView+WebCacheOperation.m */,
			);
			path = SDWebImage;
			sourceTree = "<group>";
		};
		F66219981C43F7A900009FE9 /* MD5 */ = {
			isa = PBXGroup;
			children = (
				F662199F1C43F8EA00009FE9 /* MD5.jpg */,
				F662199C1C43F7E200009FE9 /* NSString+md5Sting.h */,
				F662199D1C43F7E200009FE9 /* NSString+md5Sting.m */,
				F66219991C43F7BF00009FE9 /* MD5ViewController.h */,
				F662199A1C43F7BF00009FE9 /* MD5ViewController.m */,
			);
			name = MD5;
			sourceTree = "<group>";
		};
		F66219BB1C43FD0F00009FE9 /* img */ = {
			isa = PBXGroup;
			children = (
				F66219A71C43FD0100009FE9 /* 01.jpg */,
				F66219A81C43FD0100009FE9 /* 02.jpg */,
				F66219A91C43FD0100009FE9 /* 03.jpg */,
				F66219AA1C43FD0100009FE9 /* 04.jpg */,
				F66219AB1C43FD0100009FE9 /* 05.jpg */,
				F66219AC1C43FD0100009FE9 /* 06.jpg */,
				F66219AD1C43FD0100009FE9 /* 07.jpg */,
				F66219AE1C43FD0100009FE9 /* 08.jpg */,
				F66219AF1C43FD0100009FE9 /* 09.jpg */,
			);
			name = img;
			sourceTree = "<group>";
		};
		F66219BC1C43FEA300009FE9 /* Marcos */ = {
			isa = PBXGroup;
			children = (
				F6B52DB91C44AA1600C5AF0D /* DefineConstant.h */,
				F6B52DBA1C44AA4200C5AF0D /* TestViewController.h */,
				F6B52DBB1C44AA4200C5AF0D /* TestViewController.m */,
			);
			name = Marcos;
			sourceTree = "<group>";
		};
		F66219BD1C43FEAD00009FE9 /* Category */ = {
			isa = PBXGroup;
			children = (
				F67D110C1C5649D000DC9C8A /* UIView+Util.h */,
				F67D110D1C5649D000DC9C8A /* UIView+Util.m */,
				F66219C71C43FFF400009FE9 /* UIBarButtonItem+Extension.h */,
				F66219C81C43FFF400009FE9 /* UIBarButtonItem+Extension.m */,
				F66219C41C43FF7D00009FE9 /* NSString +Extension.h */,
				F66219C51C43FF7D00009FE9 /* NSString +Extension.m */,
				F66219C11C43FF4800009FE9 /* NSDate+Extension.h */,
				F66219C21C43FF4800009FE9 /* NSDate+Extension.m */,
				F66219BE1C43FEEE00009FE9 /* UIView+Frame.h */,
				F66219BF1C43FEEE00009FE9 /* UIView+Frame.m */,
				F67D110F1C564A5300DC9C8A /* UIColor+Util.h */,
				F67D11101C564A5300DC9C8A /* UIColor+Util.m */,
			);
			name = Category;
			sourceTree = "<group>";
		};
		F665B6D61C536A05008E48DF /* Masonry */ = {
			isa = PBXGroup;
			children = (
				F665B6D71C536A2B008E48DF /* MasonryViewController.h */,
				F665B6D81C536A2B008E48DF /* MasonryViewController.m */,
			);
			name = Masonry;
			sourceTree = "<group>";
		};
		F665B6DA1C5372ED008E48DF /* Masonry */ = {
			isa = PBXGroup;
			children = (
				F665B6DB1C5372ED008E48DF /* MASCompositeConstraint.h */,
				F665B6DC1C5372ED008E48DF /* MASCompositeConstraint.m */,
				F665B6DD1C5372ED008E48DF /* MASConstraint+Private.h */,
				F665B6DE1C5372ED008E48DF /* MASConstraint.h */,
				F665B6DF1C5372ED008E48DF /* MASConstraint.m */,
				F665B6E01C5372ED008E48DF /* MASConstraintMaker.h */,
				F665B6E11C5372ED008E48DF /* MASConstraintMaker.m */,
				F665B6E21C5372ED008E48DF /* MASLayoutConstraint.h */,
				F665B6E31C5372ED008E48DF /* MASLayoutConstraint.m */,
				F665B6E41C5372ED008E48DF /* Masonry.h */,
				F665B6E51C5372ED008E48DF /* MASUtilities.h */,
				F665B6E61C5372ED008E48DF /* MASViewAttribute.h */,
				F665B6E71C5372ED008E48DF /* MASViewAttribute.m */,
				F665B6E81C5372ED008E48DF /* MASViewConstraint.h */,
				F665B6E91C5372ED008E48DF /* MASViewConstraint.m */,
				F665B6EA1C5372ED008E48DF /* NSArray+MASAdditions.h */,
				F665B6EB1C5372ED008E48DF /* NSArray+MASAdditions.m */,
				F665B6EC1C5372ED008E48DF /* NSArray+MASShorthandAdditions.h */,
				F665B6ED1C5372ED008E48DF /* NSLayoutConstraint+MASDebugAdditions.h */,
				F665B6EE1C5372ED008E48DF /* NSLayoutConstraint+MASDebugAdditions.m */,
				F665B6EF1C5372ED008E48DF /* View+MASAdditions.h */,
				F665B6F01C5372ED008E48DF /* View+MASAdditions.m */,
				F665B6F11C5372ED008E48DF /* View+MASShorthandAdditions.h */,
				F665B6F21C5372ED008E48DF /* ViewController+MASAdditions.h */,
				F665B6F31C5372ED008E48DF /* ViewController+MASAdditions.m */,
			);
			path = Masonry;
			sourceTree = "<group>";
		};
		F67D11081C56489A00DC9C8A /* Appearance */ = {
			isa = PBXGroup;
			children = (
				F67D111B1C56599F00DC9C8A /* resource */,
				F67D11091C56490300DC9C8A /* TabBarViewController.h */,
				F67D110A1C56490300DC9C8A /* TabBarViewController.m */,
				F67D11121C564EE100DC9C8A /* FirstVC.h */,
				F67D11131C564EE100DC9C8A /* FirstVC.m */,
				F67D11151C564EF800DC9C8A /* SecondVC.h */,
				F67D11161C564EF800DC9C8A /* SecondVC.m */,
				F67D11181C564F0C00DC9C8A /* ThirdVC.h */,
				F67D11191C564F0C00DC9C8A /* ThirdVC.m */,
			);
			name = Appearance;
			sourceTree = "<group>";
		};
		F67D111B1C56599F00DC9C8A /* resource */ = {
			isa = PBXGroup;
			children = (
				F6CD083F1C579A01002559D8 /* default－portrait.png */,
				F6CD08401C579A01002559D8 /* default－portrait@2x.png */,
				F6CD08411C579A01002559D8 /* default－portrait@3x.png */,
				F67D11341C56699100DC9C8A /* tabbar-more@2x.png */,
				F67D11351C56699100DC9C8A /* tabbar-more@3x.png */,
				F67D11301C56662D00DC9C8A /* tabbar-me-selected@2x.png */,
				F67D11311C56662D00DC9C8A /* tabbar-me-selected@3x.png */,
				F67D112C1C56662700DC9C8A /* tabbar-me@2x.png */,
				F67D112D1C56662700DC9C8A /* tabbar-me@3x.png */,
				F67D111E1C5665D100DC9C8A /* user-background-320@2x.png */,
				F67D111F1C5665D100DC9C8A /* user-background-375-dark@2x.png */,
				F67D11201C5665D100DC9C8A /* user-background-375@2x.png */,
				F67D11211C5665D100DC9C8A /* user-background-dark@3x.png */,
				F67D11221C5665D100DC9C8A /* user-background@3x.png */,
				F67D111C1C5665B900DC9C8A /* user-background-320-dark@2x.png */,
			);
			name = resource;
			sourceTree = "<group>";
		};
		F68180E51C472E7F005BAC1B /* CycleView */ = {
			isa = PBXGroup;
			children = (
				F68180F31C475417005BAC1B /* CycleScrollView.h */,
				F68180F41C475417005BAC1B /* CycleScrollView.m */,
				F68180F51C475417005BAC1B /* NSTimer+Addition.h */,
				F68180F61C475417005BAC1B /* NSTimer+Addition.m */,
			);
			name = CycleView;
			sourceTree = "<group>";
		};
		F68180F01C474184005BAC1B /* msg/phone */ = {
			isa = PBXGroup;
			children = (
				F66AE21D1C54F52800A6E02D /* MsgViewController.h */,
				F66AE21E1C54F52800A6E02D /* MsgViewController.m */,
			);
			name = msg/phone;
			sourceTree = "<group>";
		};
		F6B52DA21C44919E00C5AF0D /* Utils */ = {
			isa = PBXGroup;
			children = (
				F6F9AA821C8052D300BCBB58 /* 0.jpg */,
				F6F9AA831C8052D300BCBB58 /* 1.jpg */,
				F6F9AA841C8052D300BCBB58 /* 2.jpg */,
				F6F9AA851C8052D300BCBB58 /* 4.jpg */,
				F6F9AA861C8052D300BCBB58 /* 3.jpg */,
			);
			name = Utils;
			sourceTree = "<group>";
		};
		F6B52DAE1C44959F00C5AF0D /* hud */ = {
			isa = PBXGroup;
			children = (
				F6B52DB21C4495C400C5AF0D /* MBProgressHUD.h */,
				F6B52DB31C4495C400C5AF0D /* MBProgressHUD.m */,
				F6B52DAF1C4495B900C5AF0D /* HdMsgBox.h */,
				F6B52DB01C4495B900C5AF0D /* HdMsgBox.m */,
			);
			name = hud;
			sourceTree = "<group>";
		};
		F6B52DB51C44967300C5AF0D /* HUD */ = {
			isa = PBXGroup;
			children = (
				F6B52DB61C44968400C5AF0D /* HudTableViewController.h */,
				F6B52DB71C44968400C5AF0D /* HudTableViewController.m */,
			);
			name = HUD;
			sourceTree = "<group>";
		};
		F6BD4BD81C81C5B5004F151D /* icon_resources */ = {
			isa = PBXGroup;
			children = (
				F6BD4BD91C81C5D3004F151D /* ico_faq_d.png */,
				F6BD4BDA1C81C5D3004F151D /* ico_listdown.png */,
				F6BD4BDB1C81C5D3004F151D /* QQList.gif */,
				F6BD4BDC1C81C5D3004F151D /* header.png */,
				F6BD4BDD1C81C5D3004F151D /* ico_listup.png */,
				F6BD4BDE1C81C5D3004F151D /* line_real.png */,
				F6BD4BDF1C81C5D3004F151D /* ico_list.png */,
			);
			name = icon_resources;
			sourceTree = "<group>";
		};
		F6BD4BE71C81C656004F151D /* Cell */ = {
			isa = PBXGroup;
			children = (
				F6BD4BED1C81CE00004F151D /* FriendCell.h */,
				F6BD4BEE1C81CE00004F151D /* FriendCell.m */,
				F6BD4BEF1C81CE00004F151D /* FriendCell.xib */,
				F6BD4BE81C81C691004F151D /* TableViewCellOne.h */,
				F6BD4BE91C81C691004F151D /* TableViewCellOne.m */,
				F6BD4BEA1C81C691004F151D /* TableViewCellOne.xib */,
			);
			name = Cell;
			sourceTree = "<group>";
		};
		F6BD4BF51C81D38C004F151D /* PullList */ = {
			isa = PBXGroup;
			children = (
				F6BD4BFA1C81D428004F151D /* weyDropDownMenu */,
				F6BD4BF71C81D3AC004F151D /* PullViewController.h */,
				F6BD4BF81C81D3AC004F151D /* PullViewController.m */,
			);
			name = PullList;
			sourceTree = "<group>";
		};
		F6BD4BFA1C81D428004F151D /* weyDropDownMenu */ = {
			isa = PBXGroup;
			children = (
				F6BD4C001C81D498004F151D /* JSDropDownMenu.h */,
				F6BD4C011C81D498004F151D /* JSDropDownMenu.m */,
				F6BD4BFB1C81D448004F151D /* ico_make.png */,
			);
			name = weyDropDownMenu;
			sourceTree = "<group>";
		};
		F6C9CE7D1C4A2E4C00108B13 /* FMDBDemo */ = {
			isa = PBXGroup;
			children = (
				F6C9CE911C4A2ED500108B13 /* FmdbDemoViewController.h */,
				F6C9CE921C4A2ED500108B13 /* FmdbDemoViewController.m */,
				F6C9CE961C4A30E900108B13 /* AddTableViewController.h */,
				F6C9CE971C4A30E900108B13 /* AddTableViewController.m */,
				F6D118931C4A361D0048D76F /* DataHelper.h */,
				F6D118941C4A361D0048D76F /* DataHelper.m */,
				F6796FEC1C4BE03900E35E05 /* User.h */,
				F6796FED1C4BE03A00E35E05 /* User.m */,
			);
			name = FMDBDemo;
			sourceTree = "<group>";
		};
		F6C9CE7E1C4A2E7A00108B13 /* FMDB */ = {
			isa = PBXGroup;
			children = (
				F6C9CE7F1C4A2E7A00108B13 /* src */,
			);
			path = FMDB;
			sourceTree = "<group>";
		};
		F6C9CE7F1C4A2E7A00108B13 /* src */ = {
			isa = PBXGroup;
			children = (
				F6C9CE801C4A2E7A00108B13 /* fmdb */,
			);
			path = src;
			sourceTree = "<group>";
		};
		F6C9CE801C4A2E7A00108B13 /* fmdb */ = {
			isa = PBXGroup;
			children = (
				F6C9CE811C4A2E7A00108B13 /* FMDatabase.h */,
				F6C9CE821C4A2E7A00108B13 /* FMDatabase.m */,
				F6C9CE831C4A2E7A00108B13 /* FMDatabaseAdditions.h */,
				F6C9CE841C4A2E7A00108B13 /* FMDatabaseAdditions.m */,
				F6C9CE851C4A2E7A00108B13 /* FMDatabasePool.h */,
				F6C9CE861C4A2E7A00108B13 /* FMDatabasePool.m */,
				F6C9CE871C4A2E7A00108B13 /* FMDatabaseQueue.h */,
				F6C9CE881C4A2E7A00108B13 /* FMDatabaseQueue.m */,
				F6C9CE891C4A2E7A00108B13 /* FMDB.h */,
				F6C9CE8A1C4A2E7A00108B13 /* FMResultSet.h */,
				F6C9CE8B1C4A2E7A00108B13 /* FMResultSet.m */,
			);
			path = fmdb;
			sourceTree = "<group>";
		};
		F6F9AA8C1C8054F600BCBB58 /* GuidePages */ = {
			isa = PBXGroup;
			children = (
				F6F9AA901C8058E400BCBB58 /* GuidePageVIew.h */,
				F6F9AA911C8058E400BCBB58 /* GuidePageVIew.m */,
			);
			name = GuidePages;
			sourceTree = "<group>";
		};
		F6F9AA931C806E8300BCBB58 /* MoreTableView */ = {
			isa = PBXGroup;
			children = (
				F6BD4BD81C81C5B5004F151D /* icon_resources */,
				F6F9AA971C80809500BCBB58 /* tableViewMode */,
				F6F9AA941C80717B00BCBB58 /* MoreViewController.h */,
				F6F9AA951C80717B00BCBB58 /* MoreViewController.m */,
			);
			name = MoreTableView;
			sourceTree = "<group>";
		};
		F6F9AA971C80809500BCBB58 /* tableViewMode */ = {
			isa = PBXGroup;
			children = (
				F6BD4BF01C81CE00004F151D /* GroupModel.h */,
				F6BD4BF11C81CE00004F151D /* GroupModel.m */,
				F6BD4BE71C81C656004F151D /* Cell */,
				F6F9AA991C8080F700BCBB58 /* OneTableViewController.h */,
				F6F9AA9A1C8080F700BCBB58 /* OneTableViewController.m */,
				F6F9AA9D1C80810A00BCBB58 /* TwoTableViewController.h */,
				F6F9AA9E1C80810A00BCBB58 /* TwoTableViewController.m */,
			);
			name = tableViewMode;
			sourceTree = "<group>";
		};
/* End PBXGroup section */

/* Begin PBXNativeTarget section */
		F66219241C43BDAB00009FE9 /* wey_tools */ = {
			isa = PBXNativeTarget;
			buildConfigurationList = F662193C1C43BDAC00009FE9 /* Build configuration list for PBXNativeTarget "wey_tools" */;
			buildPhases = (
				F66219211C43BDAB00009FE9 /* Sources */,
				F66219221C43BDAB00009FE9 /* Frameworks */,
				F66219231C43BDAB00009FE9 /* Resources */,
			);
			buildRules = (
			);
			dependencies = (
			);
			name = wey_tools;
			productName = wey_tools;
			productReference = F66219251C43BDAB00009FE9 /* wey_tools.app */;
			productType = "com.apple.product-type.application";
		};
/* End PBXNativeTarget section */

/* Begin PBXProject section */
		F662191D1C43BDAB00009FE9 /* Project object */ = {
			isa = PBXProject;
			attributes = {
				LastUpgradeCheck = 0710;
				ORGANIZATIONNAME = wey;
				TargetAttributes = {
					F66219241C43BDAB00009FE9 = {
						CreatedOnToolsVersion = 7.1;
						DevelopmentTeam = Q8X3HHHDPA;
					};
				};
			};
			buildConfigurationList = F66219201C43BDAB00009FE9 /* Build configuration list for PBXProject "wey_tools" */;
			compatibilityVersion = "Xcode 3.2";
			developmentRegion = English;
			hasScannedForEncodings = 0;
			knownRegions = (
				en,
				Base,
			);
			mainGroup = F662191C1C43BDAB00009FE9;
			productRefGroup = F66219261C43BDAB00009FE9 /* Products */;
			projectDirPath = "";
			projectRoot = "";
			targets = (
				F66219241C43BDAB00009FE9 /* wey_tools */,
			);
		};
/* End PBXProject section */

/* Begin PBXResourcesBuildPhase section */
		F66219231C43BDAB00009FE9 /* Resources */ = {
			isa = PBXResourcesBuildPhase;
			buildActionMask = 2147483647;
			files = (
				F6BD4BEC1C81C691004F151D /* TableViewCellOne.xib in Resources */,
				F6F9AA8A1C8052D300BCBB58 /* 4.jpg in Resources */,
				F6BD4BF31C81CE00004F151D /* FriendCell.xib in Resources */,
				F66219B81C43FD0100009FE9 /* 08.jpg in Resources */,
				F66219B51C43FD0100009FE9 /* 05.jpg in Resources */,
				F66219B31C43FD0100009FE9 /* 03.jpg in Resources */,
				F662194E1C43D02100009FE9 /* icon.xcassets in Resources */,
				F64903341C50D8CF0064E5D3 /* node.txt in Resources */,
				F67D11331C56662D00DC9C8A /* tabbar-me-selected@3x.png in Resources */,
				F6F9AA891C8052D300BCBB58 /* 2.jpg in Resources */,
				F6F9AA871C8052D300BCBB58 /* 0.jpg in Resources */,
				F67D11231C5665D100DC9C8A /* user-background-320@2x.png in Resources */,
				F67D11361C56699100DC9C8A /* tabbar-more@2x.png in Resources */,
				F66219B11C43FD0100009FE9 /* 01.jpg in Resources */,
				F6BD4BE31C81C5D3004F151D /* header.png in Resources */,
				F67D111D1C5665B900DC9C8A /* user-background-320-dark@2x.png in Resources */,
				F66219B21C43FD0100009FE9 /* 02.jpg in Resources */,
				F66219B41C43FD0100009FE9 /* 04.jpg in Resources */,
				F6BD4BE41C81C5D3004F151D /* ico_listup.png in Resources */,
				F67D11241C5665D100DC9C8A /* user-background-375-dark@2x.png in Resources */,
				F67D11251C5665D100DC9C8A /* user-background-375@2x.png in Resources */,
				F66219331C43BDAC00009FE9 /* Main.storyboard in Resources */,
				F66219B71C43FD0100009FE9 /* 07.jpg in Resources */,
				F6BD4BFE1C81D448004F151D /* ico_make.png in Resources */,
				F67D11371C56699100DC9C8A /* tabbar-more@3x.png in Resources */,
				F67D11321C56662D00DC9C8A /* tabbar-me-selected@2x.png in Resources */,
				F67D112E1C56662700DC9C8A /* tabbar-me@2x.png in Resources */,
				F6CD08431C579A01002559D8 /* default－portrait@2x.png in Resources */,
				F6BD4BE01C81C5D3004F151D /* ico_faq_d.png in Resources */,
				F6F9AA8B1C8052D300BCBB58 /* 3.jpg in Resources */,
				F67D112F1C56662700DC9C8A /* tabbar-me@3x.png in Resources */,
				F6BD4BE21C81C5D3004F151D /* QQList.gif in Resources */,
				F6CD08441C579A01002559D8 /* default－portrait@3x.png in Resources */,
				F66219B91C43FD0100009FE9 /* 09.jpg in Resources */,
				F6F9AA881C8052D300BCBB58 /* 1.jpg in Resources */,
				F66219B61C43FD0100009FE9 /* 06.jpg in Resources */,
				F6BD4BE61C81C5D3004F151D /* ico_list.png in Resources */,
				F67D11271C5665D100DC9C8A /* user-background@3x.png in Resources */,
				F68180F21C474FBE005BAC1B /* placeHolder.png in Resources */,
				F6BD4BE51C81C5D3004F151D /* line_real.png in Resources */,
				F67D11261C5665D100DC9C8A /* user-background-dark@3x.png in Resources */,
				F6BD4BE11C81C5D3004F151D /* ico_listdown.png in Resources */,
				F6CD08421C579A01002559D8 /* default－portrait.png in Resources */,
				F66219A01C43F8EA00009FE9 /* MD5.jpg in Resources */,
			);
			runOnlyForDeploymentPostprocessing = 0;
		};
/* End PBXResourcesBuildPhase section */

/* Begin PBXSourcesBuildPhase section */
		F66219211C43BDAB00009FE9 /* Sources */ = {
			isa = PBXSourcesBuildPhase;
			buildActionMask = 2147483647;
			files = (
				F6B52DB81C44968400C5AF0D /* HudTableViewController.m in Sources */,
				F662199E1C43F7E200009FE9 /* NSString+md5Sting.m in Sources */,
				F68180EF1C47403A005BAC1B /* CycleViewController.m in Sources */,
				F66219C01C43FEEE00009FE9 /* UIView+Frame.m in Sources */,
				F66219C61C43FF7D00009FE9 /* NSString +Extension.m in Sources */,
				F6521FE01C50ADB80024D534 /* AttributeTextVC.m in Sources */,
				F66AE21F1C54F52800A6E02D /* MsgViewController.m in Sources */,
				F66219881C43F6FD00009FE9 /* MKAnnotationView+WebCache.m in Sources */,
				F68180F71C475417005BAC1B /* CycleScrollView.m in Sources */,
				F662194B1C43C75F00009FE9 /* Person.m in Sources */,
				F66219A61C43FCCE00009FE9 /* Reachability.m in Sources */,
				F6C9CE981C4A30E900108B13 /* AddTableViewController.m in Sources */,
				F6C9CE8D1C4A2E7A00108B13 /* FMDatabaseAdditions.m in Sources */,
				F66219901C43F6FD00009FE9 /* SDWebImagePrefetcher.m in Sources */,
				F662198F1C43F6FD00009FE9 /* SDWebImageManager.m in Sources */,
				F66219511C43DF8A00009FE9 /* RootViewController.m in Sources */,
				F66219301C43BDAC00009FE9 /* ViewController.m in Sources */,
				F66219961C43F6FD00009FE9 /* UIImageView+WebCache.m in Sources */,
				F662198B1C43F6FD00009FE9 /* SDWebImageCompat.m in Sources */,
				F67D11111C564A5300DC9C8A /* UIColor+Util.m in Sources */,
				F6C9CE931C4A2ED500108B13 /* FmdbDemoViewController.m in Sources */,
				F68180F81C475417005BAC1B /* NSTimer+Addition.m in Sources */,
				F665B6FD1C5372ED008E48DF /* ViewController+MASAdditions.m in Sources */,
				F665B6F51C5372ED008E48DF /* MASConstraint.m in Sources */,
				F665B6F41C5372ED008E48DF /* MASCompositeConstraint.m in Sources */,
				F662198C1C43F6FD00009FE9 /* SDWebImageDecoder.m in Sources */,
				F665B6FB1C5372ED008E48DF /* NSLayoutConstraint+MASDebugAdditions.m in Sources */,
				F67D11141C564EE100DC9C8A /* FirstVC.m in Sources */,
				F66219931C43F6FD00009FE9 /* UIImage+MultiFormat.m in Sources */,
				F66219941C43F6FD00009FE9 /* UIImage+WebP.m in Sources */,
				F67D110B1C56490300DC9C8A /* TabBarViewController.m in Sources */,
				F662198E1C43F6FD00009FE9 /* SDWebImageDownloaderOperation.m in Sources */,
				F66219971C43F6FD00009FE9 /* UIView+WebCacheOperation.m in Sources */,
				F6B52DB11C4495B900C5AF0D /* HdMsgBox.m in Sources */,
				F662198D1C43F6FD00009FE9 /* SDWebImageDownloader.m in Sources */,
				F665B6F91C5372ED008E48DF /* MASViewConstraint.m in Sources */,
				F6F9AA9B1C8080F700BCBB58 /* OneTableViewController.m in Sources */,
				F6C9CE8C1C4A2E7A00108B13 /* FMDatabase.m in Sources */,
				F6C9CE8E1C4A2E7A00108B13 /* FMDatabasePool.m in Sources */,
				F665B6F61C5372ED008E48DF /* MASConstraintMaker.m in Sources */,
				F66219921C43F6FD00009FE9 /* UIImage+GIF.m in Sources */,
				F66219C31C43FF4800009FE9 /* NSDate+Extension.m in Sources */,
				F662192D1C43BDAC00009FE9 /* AppDelegate.m in Sources */,
				F67D110E1C5649D000DC9C8A /* UIView+Util.m in Sources */,
				F665B6FA1C5372ED008E48DF /* NSArray+MASAdditions.m in Sources */,
				F665B6FC1C5372ED008E48DF /* View+MASAdditions.m in Sources */,
				F6BD4C021C81D498004F151D /* JSDropDownMenu.m in Sources */,
				F67D111A1C564F0C00DC9C8A /* ThirdVC.m in Sources */,
				F6F9AA9F1C80810A00BCBB58 /* TwoTableViewController.m in Sources */,
				F66219471C43C0E300009FE9 /* NSObject+AutoEncode.m in Sources */,
				F6521FE31C50BA960024D534 /* UIView+point.m in Sources */,
				F6796FEE1C4BE03A00E35E05 /* User.m in Sources */,
				F6C9CE901C4A2E7A00108B13 /* FMResultSet.m in Sources */,
				F66219581C43E1CD00009FE9 /* CellHeighTableViewController.m in Sources */,
				F6F9AA961C80717B00BCBB58 /* MoreViewController.m in Sources */,
				F67D11171C564EF800DC9C8A /* SecondVC.m in Sources */,
				F66219951C43F6FD00009FE9 /* UIImageView+HighlightedWebCache.m in Sources */,
				F6D118951C4A361D0048D76F /* DataHelper.m in Sources */,
				F6BD4BF21C81CE00004F151D /* FriendCell.m in Sources */,
				F662199B1C43F7BF00009FE9 /* MD5ViewController.m in Sources */,
				F6BD4BEB1C81C691004F151D /* TableViewCellOne.m in Sources */,
				F6BD4BF91C81D3AC004F151D /* PullViewController.m in Sources */,
				F662192A1C43BDAB00009FE9 /* main.m in Sources */,
				F64903321C50D7590064E5D3 /* PageViewController.m in Sources */,
				F665B6D91C536A2B008E48DF /* MasonryViewController.m in Sources */,
				F6B52DBC1C44AA4200C5AF0D /* TestViewController.m in Sources */,
				F6F9AA921C8058E400BCBB58 /* GuidePageVIew.m in Sources */,
				F665B6F81C5372ED008E48DF /* MASViewAttribute.m in Sources */,
				F66219C91C43FFF400009FE9 /* UIBarButtonItem+Extension.m in Sources */,
				F66219A31C43FBC500009FE9 /* HeightModel.m in Sources */,
				F6B52DB41C4495C400C5AF0D /* MBProgressHUD.m in Sources */,
				F6BD4BF41C81CE00004F151D /* GroupModel.m in Sources */,
				F662198A1C43F6FD00009FE9 /* SDImageCache.m in Sources */,
				F66219911C43F6FD00009FE9 /* UIButton+WebCache.m in Sources */,
				F665B6F71C5372ED008E48DF /* MASLayoutConstraint.m in Sources */,
				F66219891C43F6FD00009FE9 /* NSData+ImageContentType.m in Sources */,
				F66219441C43BF3500009FE9 /* NSArray+Beyond.m in Sources */,
				F6C9CE8F1C4A2E7A00108B13 /* FMDatabaseQueue.m in Sources */,
			);
			runOnlyForDeploymentPostprocessing = 0;
		};
/* End PBXSourcesBuildPhase section */

/* Begin PBXVariantGroup section */
		F66219311C43BDAC00009FE9 /* Main.storyboard */ = {
			isa = PBXVariantGroup;
			children = (
				F66219321C43BDAC00009FE9 /* Base */,
			);
			name = Main.storyboard;
			sourceTree = "<group>";
		};
/* End PBXVariantGroup section */

/* Begin XCBuildConfiguration section */
		F662193A1C43BDAC00009FE9 /* Debug */ = {
			isa = XCBuildConfiguration;
			buildSettings = {
				ALWAYS_SEARCH_USER_PATHS = NO;
				CLANG_CXX_LANGUAGE_STANDARD = "gnu++0x";
				CLANG_CXX_LIBRARY = "libc++";
				CLANG_ENABLE_MODULES = YES;
				CLANG_ENABLE_OBJC_ARC = YES;
				CLANG_WARN_BOOL_CONVERSION = YES;
				CLANG_WARN_CONSTANT_CONVERSION = YES;
				CLANG_WARN_DIRECT_OBJC_ISA_USAGE = YES_ERROR;
				CLANG_WARN_EMPTY_BODY = YES;
				CLANG_WARN_ENUM_CONVERSION = YES;
				CLANG_WARN_INT_CONVERSION = YES;
				CLANG_WARN_OBJC_ROOT_CLASS = YES_ERROR;
				CLANG_WARN_UNREACHABLE_CODE = YES;
				CLANG_WARN__DUPLICATE_METHOD_MATCH = YES;
				CODE_SIGN_IDENTITY = "iPhone Developer";
				"CODE_SIGN_IDENTITY[sdk=iphoneos*]" = "iPhone Developer";
				COPY_PHASE_STRIP = NO;
				DEBUG_INFORMATION_FORMAT = dwarf;
				ENABLE_STRICT_OBJC_MSGSEND = YES;
				ENABLE_TESTABILITY = YES;
				GCC_C_LANGUAGE_STANDARD = gnu99;
				GCC_DYNAMIC_NO_PIC = NO;
				GCC_NO_COMMON_BLOCKS = YES;
				GCC_OPTIMIZATION_LEVEL = 0;
				GCC_PREPROCESSOR_DEFINITIONS = (
					"DEBUG=1",
					"$(inherited)",
				);
				GCC_WARN_64_TO_32_BIT_CONVERSION = YES;
				GCC_WARN_ABOUT_RETURN_TYPE = YES_ERROR;
				GCC_WARN_UNDECLARED_SELECTOR = YES;
				GCC_WARN_UNINITIALIZED_AUTOS = YES_AGGRESSIVE;
				GCC_WARN_UNUSED_FUNCTION = YES;
				GCC_WARN_UNUSED_VARIABLE = YES;
				IPHONEOS_DEPLOYMENT_TARGET = 8.0;
				MTL_ENABLE_DEBUG_INFO = YES;
				ONLY_ACTIVE_ARCH = YES;
				SDKROOT = iphoneos;
			};
			name = Debug;
		};
		F662193B1C43BDAC00009FE9 /* Release */ = {
			isa = XCBuildConfiguration;
			buildSettings = {
				ALWAYS_SEARCH_USER_PATHS = NO;
				CLANG_CXX_LANGUAGE_STANDARD = "gnu++0x";
				CLANG_CXX_LIBRARY = "libc++";
				CLANG_ENABLE_MODULES = YES;
				CLANG_ENABLE_OBJC_ARC = YES;
				CLANG_WARN_BOOL_CONVERSION = YES;
				CLANG_WARN_CONSTANT_CONVERSION = YES;
				CLANG_WARN_DIRECT_OBJC_ISA_USAGE = YES_ERROR;
				CLANG_WARN_EMPTY_BODY = YES;
				CLANG_WARN_ENUM_CONVERSION = YES;
				CLANG_WARN_INT_CONVERSION = YES;
				CLANG_WARN_OBJC_ROOT_CLASS = YES_ERROR;
				CLANG_WARN_UNREACHABLE_CODE = YES;
				CLANG_WARN__DUPLICATE_METHOD_MATCH = YES;
				CODE_SIGN_IDENTITY = "iPhone Developer";
				"CODE_SIGN_IDENTITY[sdk=iphoneos*]" = "iPhone Developer";
				COPY_PHASE_STRIP = NO;
				DEBUG_INFORMATION_FORMAT = "dwarf-with-dsym";
				ENABLE_NS_ASSERTIONS = NO;
				ENABLE_STRICT_OBJC_MSGSEND = YES;
				GCC_C_LANGUAGE_STANDARD = gnu99;
				GCC_NO_COMMON_BLOCKS = YES;
				GCC_WARN_64_TO_32_BIT_CONVERSION = YES;
				GCC_WARN_ABOUT_RETURN_TYPE = YES_ERROR;
				GCC_WARN_UNDECLARED_SELECTOR = YES;
				GCC_WARN_UNINITIALIZED_AUTOS = YES_AGGRESSIVE;
				GCC_WARN_UNUSED_FUNCTION = YES;
				GCC_WARN_UNUSED_VARIABLE = YES;
				IPHONEOS_DEPLOYMENT_TARGET = 8.0;
				MTL_ENABLE_DEBUG_INFO = NO;
				SDKROOT = iphoneos;
				VALIDATE_PRODUCT = YES;
			};
			name = Release;
		};
		F662193D1C43BDAC00009FE9 /* Debug */ = {
			isa = XCBuildConfiguration;
			buildSettings = {
				ASSETCATALOG_COMPILER_APPICON_NAME = AppIcon;
				ASSETCATALOG_COMPILER_LAUNCHIMAGE_NAME = LaunchImage;
				CODE_SIGN_IDENTITY = "iPhone Developer";
				"CODE_SIGN_IDENTITY[sdk=iphoneos*]" = "iPhone Developer";
				ENABLE_STRICT_OBJC_MSGSEND = NO;
				GCC_PRECOMPILE_PREFIX_HEADER = YES;
				GCC_PREFIX_HEADER = wey_tools/PrefixHeader.pch;
				INFOPLIST_FILE = wey_tools/Info.plist;
				LD_RUNPATH_SEARCH_PATHS = "$(inherited) @executable_path/Frameworks";
				PRODUCT_BUNDLE_IDENTIFIER = "com.yukon.wey-tools";
				PRODUCT_NAME = "$(TARGET_NAME)";
				PROVISIONING_PROFILE = "";
			};
			name = Debug;
		};
		F662193E1C43BDAC00009FE9 /* Release */ = {
			isa = XCBuildConfiguration;
			buildSettings = {
				ASSETCATALOG_COMPILER_APPICON_NAME = AppIcon;
				ASSETCATALOG_COMPILER_LAUNCHIMAGE_NAME = LaunchImage;
				CODE_SIGN_IDENTITY = "iPhone Developer";
				"CODE_SIGN_IDENTITY[sdk=iphoneos*]" = "iPhone Developer";
				ENABLE_STRICT_OBJC_MSGSEND = NO;
				GCC_PRECOMPILE_PREFIX_HEADER = YES;
				GCC_PREFIX_HEADER = wey_tools/PrefixHeader.pch;
				INFOPLIST_FILE = wey_tools/Info.plist;
				LD_RUNPATH_SEARCH_PATHS = "$(inherited) @executable_path/Frameworks";
				PRODUCT_BUNDLE_IDENTIFIER = "com.yukon.wey-tools";
				PRODUCT_NAME = "$(TARGET_NAME)";
				PROVISIONING_PROFILE = "";
			};
			name = Release;
		};
/* End XCBuildConfiguration section */

/* Begin XCConfigurationList section */
		F66219201C43BDAB00009FE9 /* Build configuration list for PBXProject "wey_tools" */ = {
			isa = XCConfigurationList;
			buildConfigurations = (
				F662193A1C43BDAC00009FE9 /* Debug */,
				F662193B1C43BDAC00009FE9 /* Release */,
			);
			defaultConfigurationIsVisible = 0;
			defaultConfigurationName = Release;
		};
		F662193C1C43BDAC00009FE9 /* Build configuration list for PBXNativeTarget "wey_tools" */ = {
			isa = XCConfigurationList;
			buildConfigurations = (
				F662193D1C43BDAC00009FE9 /* Debug */,
				F662193E1C43BDAC00009FE9 /* Release */,
			);
			defaultConfigurationIsVisible = 0;
			defaultConfigurationName = Release;
		};
/* End XCConfigurationList section */
	};
	rootObject = F662191D1C43BDAB00009FE9 /* Project object */;
}
