// !$*UTF8*$!
{
	archiveVersion = 1;
	classes = {
	};
	objectVersion = 46;
	objects = {

/* Begin PBXBuildFile section */
		F662192A1C43BDAB00009FE9 /* main.m in Sources */ = {isa = PBXBuildFile; fileRef = F66219291C43BDAB00009FE9 /* main.m */; };
		F662192D1C43BDAC00009FE9 /* AppDelegate.m in Sources */ = {isa = PBXBuildFile; fileRef = F662192C1C43BDAC00009FE9 /* AppDelegate.m */; };
		F66219301C43BDAC00009FE9 /* ViewController.m in Sources */ = {isa = PBXBuildFile; fileRef = F662192F1C43BDAC00009FE9 /* ViewController.m */; };
		F66219331C43BDAC00009FE9 /* Main.storyboard in Resources */ = {isa = PBXBuildFile; fileRef = F66219311C43BDAC00009FE9 /* Main.storyboard */; };
		F66219351C43BDAC00009FE9 /* Assets.xcassets in Resources */ = {isa = PBXBuildFile; fileRef = F66219341C43BDAC00009FE9 /* Assets.xcassets */; };
		F66219381C43BDAC00009FE9 /* LaunchScreen.storyboard in Resources */ = {isa = PBXBuildFile; fileRef = F66219361C43BDAC00009FE9 /* LaunchScreen.storyboard */; };
/* End PBXBuildFile section */

/* Begin PBXFileReference section */
		F66219251C43BDAB00009FE9 /* wey_tools.app */ = {isa = PBXFileReference; explicitFileType = wrapper.application; includeInIndex = 0; path = wey_tools.app; sourceTree = BUILT_PRODUCTS_DIR; };
		F66219291C43BDAB00009FE9 /* main.m */ = {isa = PBXFileReference; lastKnownFileType = sourcecode.c.objc; path = main.m; sourceTree = "<group>"; };
		F662192B1C43BDAB00009FE9 /* AppDelegate.h */ = {isa = PBXFileReference; lastKnownFileType = sourcecode.c.h; path = AppDelegate.h; sourceTree = "<group>"; };
		F662192C1C43BDAC00009FE9 /* AppDelegate.m */ = {isa = PBXFileReference; lastKnownFileType = sourcecode.c.objc; path = AppDelegate.m; sourceTree = "<group>"; };
		F662192E1C43BDAC00009FE9 /* ViewController.h */ = {isa = PBXFileReference; lastKnownFileType = sourcecode.c.h; path = ViewController.h; sourceTree = "<group>"; };
		F662192F1C43BDAC00009FE9 /* ViewController.m */ = {isa = PBXFileReference; lastKnownFileType = sourcecode.c.objc; path = ViewController.m; sourceTree = "<group>"; };
		F66219321C43BDAC00009FE9 /* Base */ = {isa = PBXFileReference; lastKnownFileType = file.storyboard; name = Base; path = Base.lproj/Main.storyboard; sourceTree = "<group>"; };
		F66219341C43BDAC00009FE9 /* Assets.xcassets */ = {isa = PBXFileReference; lastKnownFileType = folder.assetcatalog; path = Assets.xcassets; sourceTree = "<group>"; };
		F66219371C43BDAC00009FE9 /* Base */ = {isa = PBXFileReference; lastKnownFileType = file.storyboard; name = Base; path = Base.lproj/LaunchScreen.storyboard; sourceTree = "<group>"; };
		F66219391C43BDAC00009FE9 /* Info.plist */ = {isa = PBXFileReference; lastKnownFileType = text.plist.xml; path = Info.plist; sourceTree = "<group>"; };
/* End PBXFileReference section */

/* Begin PBXFrameworksBuildPhase section */
		F66219221C43BDAB00009FE9 /* Frameworks */ = {
			isa = PBXFrameworksBuildPhase;
			buildActionMask = 2147483647;
			files = (
			);
			runOnlyForDeploymentPostprocessing = 0;
		};
/* End PBXFrameworksBuildPhase section */

/* Begin PBXGroup section */
		F662191C1C43BDAB00009FE9 = {
			isa = PBXGroup;
			children = (
				F66219271C43BDAB00009FE9 /* wey_tools */,
				F66219261C43BDAB00009FE9 /* Products */,
			);
			sourceTree = "<group>";
		};
		F66219261C43BDAB00009FE9 /* Products */ = {
			isa = PBXGroup;
			children = (
				F66219251C43BDAB00009FE9 /* wey_tools.app */,
			);
			name = Products;
			sourceTree = "<group>";
		};
		F66219271C43BDAB00009FE9 /* wey_tools */ = {
			isa = PBXGroup;
			children = (
				F662192B1C43BDAB00009FE9 /* AppDelegate.h */,
				F662192C1C43BDAC00009FE9 /* AppDelegate.m */,
				F662192E1C43BDAC00009FE9 /* ViewController.h */,
				F662192F1C43BDAC00009FE9 /* ViewController.m */,
				F66219311C43BDAC00009FE9 /* Main.storyboard */,
				F66219341C43BDAC00009FE9 /* Assets.xcassets */,
				F66219361C43BDAC00009FE9 /* LaunchScreen.storyboard */,
				F66219391C43BDAC00009FE9 /* Info.plist */,
				F66219281C43BDAB00009FE9 /* Supporting Files */,
			);
			path = wey_tools;
			sourceTree = "<group>";
		};
		F66219281C43BDAB00009FE9 /* Supporting Files */ = {
			isa = PBXGroup;
			children = (
				F66219291C43BDAB00009FE9 /* main.m */,
			);
			name = "Supporting Files";
			sourceTree = "<group>";
		};
/* End PBXGroup section */

/* Begin PBXNativeTarget section */
		F66219241C43BDAB00009FE9 /* wey_tools */ = {
			isa = PBXNativeTarget;
			buildConfigurationList = F662193C1C43BDAC00009FE9 /* Build configuration list for PBXNativeTarget "wey_tools" */;
			buildPhases = (
				F66219211C43BDAB00009FE9 /* Sources */,
				F66219221C43BDAB00009FE9 /* Frameworks */,
				F66219231C43BDAB00009FE9 /* Resources */,
			);
			buildRules = (
			);
			dependencies = (
			);
			name = wey_tools;
			productName = wey_tools;
			productReference = F66219251C43BDAB00009FE9 /* wey_tools.app */;
			productType = "com.apple.product-type.application";
		};
/* End PBXNativeTarget section */

/* Begin PBXProject section */
		F662191D1C43BDAB00009FE9 /* Project object */ = {
			isa = PBXProject;
			attributes = {
				LastUpgradeCheck = 0710;
				ORGANIZATIONNAME = wey;
				TargetAttributes = {
					F66219241C43BDAB00009FE9 = {
						CreatedOnToolsVersion = 7.1;
					};
				};
			};
			buildConfigurationList = F66219201C43BDAB00009FE9 /* Build configuration list for PBXProject "wey_tools" */;
			compatibilityVersion = "Xcode 3.2";
			developmentRegion = English;
			hasScannedForEncodings = 0;
			knownRegions = (
				en,
				Base,
			);
			mainGroup = F662191C1C43BDAB00009FE9;
			productRefGroup = F66219261C43BDAB00009FE9 /* Products */;
			projectDirPath = "";
			projectRoot = "";
			targets = (
				F66219241C43BDAB00009FE9 /* wey_tools */,
			);
		};
/* End PBXProject section */

/* Begin PBXResourcesBuildPhase section */
		F66219231C43BDAB00009FE9 /* Resources */ = {
			isa = PBXResourcesBuildPhase;
			buildActionMask = 2147483647;
			files = (
				F66219381C43BDAC00009FE9 /* LaunchScreen.storyboard in Resources */,
				F66219351C43BDAC00009FE9 /* Assets.xcassets in Resources */,
				F66219331C43BDAC00009FE9 /* Main.storyboard in Resources */,
			);
			runOnlyForDeploymentPostprocessing = 0;
		};
/* End PBXResourcesBuildPhase section */

/* Begin PBXSourcesBuildPhase section */
		F66219211C43BDAB00009FE9 /* Sources */ = {
			isa = PBXSourcesBuildPhase;
			buildActionMask = 2147483647;
			files = (
				F66219301C43BDAC00009FE9 /* ViewController.m in Sources */,
				F662192D1C43BDAC00009FE9 /* AppDelegate.m in Sources */,
				F662192A1C43BDAB00009FE9 /* main.m in Sources */,
			);
			runOnlyForDeploymentPostprocessing = 0;
		};
/* End PBXSourcesBuildPhase section */

/* Begin PBXVariantGroup section */
		F66219311C43BDAC00009FE9 /* Main.storyboard */ = {
			isa = PBXVariantGroup;
			children = (
				F66219321C43BDAC00009FE9 /* Base */,
			);
			name = Main.storyboard;
			sourceTree = "<group>";
		};
		F66219361C43BDAC00009FE9 /* LaunchScreen.storyboard */ = {
			isa = PBXVariantGroup;
			children = (
				F66219371C43BDAC00009FE9 /* Base */,
			);
			name = LaunchScreen.storyboard;
			sourceTree = "<group>";
		};
/* End PBXVariantGroup section */

/* Begin XCBuildConfiguration section */
		F662193A1C43BDAC00009FE9 /* Debug */ = {
			isa = XCBuildConfiguration;
			buildSettings = {
				ALWAYS_SEARCH_USER_PATHS = NO;
				CLANG_CXX_LANGUAGE_STANDARD = "gnu++0x";
				CLANG_CXX_LIBRARY = "libc++";
				CLANG_ENABLE_MODULES = YES;
				CLANG_ENABLE_OBJC_ARC = YES;
				CLANG_WARN_BOOL_CONVERSION = YES;
				CLANG_WARN_CONSTANT_CONVERSION = YES;
				CLANG_WARN_DIRECT_OBJC_ISA_USAGE = YES_ERROR;
				CLANG_WARN_EMPTY_BODY = YES;
				CLANG_WARN_ENUM_CONVERSION = YES;
				CLANG_WARN_INT_CONVERSION = YES;
				CLANG_WARN_OBJC_ROOT_CLASS = YES_ERROR;
				CLANG_WARN_UNREACHABLE_CODE = YES;
				CLANG_WARN__DUPLICATE_METHOD_MATCH = YES;
				"CODE_SIGN_IDENTITY[sdk=iphoneos*]" = "iPhone Developer";
				COPY_PHASE_STRIP = NO;
				DEBUG_INFORMATION_FORMAT = dwarf;
				ENABLE_STRICT_OBJC_MSGSEND = YES;
				ENABLE_TESTABILITY = YES;
				GCC_C_LANGUAGE_STANDARD = gnu99;
				GCC_DYNAMIC_NO_PIC = NO;
				GCC_NO_COMMON_BLOCKS = YES;
				GCC_OPTIMIZATION_LEVEL = 0;
				GCC_PREPROCESSOR_DEFINITIONS = (
					"DEBUG=1",
					"$(inherited)",
				);
				GCC_WARN_64_TO_32_BIT_CONVERSION = YES;
				GCC_WARN_ABOUT_RETURN_TYPE = YES_ERROR;
				GCC_WARN_UNDECLARED_SELECTOR = YES;
				GCC_WARN_UNINITIALIZED_AUTOS = YES_AGGRESSIVE;
				GCC_WARN_UNUSED_FUNCTION = YES;
				GCC_WARN_UNUSED_VARIABLE = YES;
				IPHONEOS_DEPLOYMENT_TARGET = 9.1;
				MTL_ENABLE_DEBUG_INFO = YES;
				ONLY_ACTIVE_ARCH = YES;
				SDKROOT = iphoneos;
			};
			name = Debug;
		};
		F662193B1C43BDAC00009FE9 /* Release */ = {
			isa = XCBuildConfiguration;
			buildSettings = {
				ALWAYS_SEARCH_USER_PATHS = NO;
				CLANG_CXX_LANGUAGE_STANDARD = "gnu++0x";
				CLANG_CXX_LIBRARY = "libc++";
				CLANG_ENABLE_MODULES = YES;
				CLANG_ENABLE_OBJC_ARC = YES;
				CLANG_WARN_BOOL_CONVERSION = YES;
				CLANG_WARN_CONSTANT_CONVERSION = YES;
				CLANG_WARN_DIRECT_OBJC_ISA_USAGE = YES_ERROR;
				CLANG_WARN_EMPTY_BODY = YES;
				CLANG_WARN_ENUM_CONVERSION = YES;
				CLANG_WARN_INT_CONVERSION = YES;
				CLANG_WARN_OBJC_ROOT_CLASS = YES_ERROR;
				CLANG_WARN_UNREACHABLE_CODE = YES;
				CLANG_WARN__DUPLICATE_METHOD_MATCH = YES;
				"CODE_SIGN_IDENTITY[sdk=iphoneos*]" = "iPhone Developer";
				COPY_PHASE_STRIP = NO;
				DEBUG_INFORMATION_FORMAT = "dwarf-with-dsym";
				ENABLE_NS_ASSERTIONS = NO;
				ENABLE_STRICT_OBJC_MSGSEND = YES;
				GCC_C_LANGUAGE_STANDARD = gnu99;
				GCC_NO_COMMON_BLOCKS = YES;
				GCC_WARN_64_TO_32_BIT_CONVERSION = YES;
				GCC_WARN_ABOUT_RETURN_TYPE = YES_ERROR;
				GCC_WARN_UNDECLARED_SELECTOR = YES;
				GCC_WARN_UNINITIALIZED_AUTOS = YES_AGGRESSIVE;
				GCC_WARN_UNUSED_FUNCTION = YES;
				GCC_WARN_UNUSED_VARIABLE = YES;
				IPHONEOS_DEPLOYMENT_TARGET = 9.1;
				MTL_ENABLE_DEBUG_INFO = NO;
				SDKROOT = iphoneos;
				VALIDATE_PRODUCT = YES;
			};
			name = Release;
		};
		F662193D1C43BDAC00009FE9 /* Debug */ = {
			isa = XCBuildConfiguration;
			buildSettings = {
				ASSETCATALOG_COMPILER_APPICON_NAME = AppIcon;
				INFOPLIST_FILE = wey_tools/Info.plist;
				LD_RUNPATH_SEARCH_PATHS = "$(inherited) @executable_path/Frameworks";
				PRODUCT_BUNDLE_IDENTIFIER = "com.yukon.wey-tools";
				PRODUCT_NAME = "$(TARGET_NAME)";
			};
			name = Debug;
		};
		F662193E1C43BDAC00009FE9 /* Release */ = {
			isa = XCBuildConfiguration;
			buildSettings = {
				ASSETCATALOG_COMPILER_APPICON_NAME = AppIcon;
				INFOPLIST_FILE = wey_tools/Info.plist;
				LD_RUNPATH_SEARCH_PATHS = "$(inherited) @executable_path/Frameworks";
				PRODUCT_BUNDLE_IDENTIFIER = "com.yukon.wey-tools";
				PRODUCT_NAME = "$(TARGET_NAME)";
			};
			name = Release;
		};
/* End XCBuildConfiguration section */

/* Begin XCConfigurationList section */
		F66219201C43BDAB00009FE9 /* Build configuration list for PBXProject "wey_tools" */ = {
			isa = XCConfigurationList;
			buildConfigurations = (
				F662193A1C43BDAC00009FE9 /* Debug */,
				F662193B1C43BDAC00009FE9 /* Release */,
			);
			defaultConfigurationIsVisible = 0;
			defaultConfigurationName = Release;
		};
		F662193C1C43BDAC00009FE9 /* Build configuration list for PBXNativeTarget "wey_tools" */ = {
			isa = XCConfigurationList;
			buildConfigurations = (
				F662193D1C43BDAC00009FE9 /* Debug */,
				F662193E1C43BDAC00009FE9 /* Release */,
			);
			defaultConfigurationIsVisible = 0;
		};
/* End XCConfigurationList section */
	};
	rootObject = F662191D1C43BDAB00009FE9 /* Project object */;
}
